
Microsoft Visual Studio Solution File, Format Version 11.00
# Visual Studio 2010
Project("{8BC9CEB8-8B4A-11D0-8D11-00A0C91BC942}") = "3d", "3d.vcxproj", "{EDD12FFE-BDC6-424E-8D7A-8D4163A609D4}"
EndProject
Project("{8BC9CEB8-8B4A-11D0-8D11-00A0C91BC942}") = "channel_groups", "channel_groups.vcxproj", "{3AAF4202-1C85-42C1-9B40-2F70A9ECB9AA}"
EndProject
Project("{8BC9CEB8-8B4A-11D0-8D11-00A0C91BC942}") = "convolution_reverb", "convolution_reverb.vcxproj", "{B270050A-5B17-4611-8508-ADD6E37B38E3}"
EndProject
Project("{8BC9CEB8-8B4A-11D0-8D11-00A0C91BC942}") = "dsp_custom", "dsp_custom.vcxproj", "{D4137477-5835-4525-886F-DD8899811AC3}"
EndProject
Project("{8BC9CEB8-8B4A-11D0-8D11-00A0C91BC942}") = "dsp_effect_per_speaker", "dsp_effect_per_speaker.vcxproj", "{AEEE1BE5-12B0-4B17-8602-DFAE2A4C4CD0}"
EndProject
Project("{8BC9CEB8-8B4A-11D0-8D11-00A0C91BC942}") = "dsp_inspector", "dsp_inspector.vcxproj", "{34B4E4F5-CAAB-4B91-9F4B-E84B5A61D208}"
EndProject
Project("{8BC9CEB8-8B4A-11D0-8D11-00A0C91BC942}") = "effects", "effects.vcxproj", "{979B479E-10F3-47A8-A791-D6FD0C0CE50D}"
EndProject
Project("{8BC9CEB8-8B4A-11D0-8D11-00A0C91BC942}") = "gapless_playback", "gapless_playback.vcxproj", "{D0C7F3D6-6A95-4437-8F17-9FED0931D93E}"
EndProject
Project("{8BC9CEB8-8B4A-11D0-8D11-00A0C91BC942}") = "generate_tone", "generate_tone.vcxproj", "{8E9D56B3-4E43-4036-996A-E5820AD60C60}"
EndProject
Project("{8BC9CEB8-8B4A-11D0-8D11-00A0C91BC942}") = "granular_synth", "granular_synth.vcxproj", "{4DA240EC-46AB-409E-9C26-431C4A5E549F}"
EndProject
Project("{8BC9CEB8-8B4A-11D0-8D11-00A0C91BC942}") = "load_from_memory", "load_from_memory.vcxproj", "{5CF8BC2E-5FCB-4A37-B2E7-FC3ED2CBE956}"
EndProject
Project("{8BC9CEB8-8B4A-11D0-8D11-00A0C91BC942}") = "multiple_speaker", "multiple_speaker.vcxproj", "{14660875-F953-4FA6-BD25-ECEA6B54B987}"
EndProject
Project("{8BC9CEB8-8B4A-11D0-8D11-00A0C91BC942}") = "multiple_system", "multiple_system.vcxproj", "{5024DADE-6C8F-4958-BFCB-23C545D6EC1D}"
EndProject
Project("{8BC9CEB8-8B4A-11D0-8D11-00A0C91BC942}") = "net_stream", "net_stream.vcxproj", "{C3AD3294-E04D-42DE-BE70-87068BA76C53}"
EndProject
Project("{8BC9CEB8-8B4A-11D0-8D11-00A0C91BC942}") = "play_sound", "play_sound.vcxproj", "{35D01986-A1C6-48ED-9249-7D850E347633}"
EndProject
Project("{8BC9CEB8-8B4A-11D0-8D11-00A0C91BC942}") = "play_stream", "play_stream.vcxproj", "{215ABB21-6175-480C-A929-22959D8B74E3}"
EndProject
Project("{8BC9CEB8-8B4A-11D0-8D11-00A0C91BC942}") = "record", "record.vcxproj", "{5E0EE659-AA96-4EB6-8368-151F62267EDE}"
EndProject
Project("{8BC9CEB8-8B4A-11D0-8D11-00A0C91BC942}") = "record_enumeration", "record_enumeration.vcxproj", "{5D3E9016-879E-4768-80F0-92E9CA8F440C}"
EndProject
Project("{8BC9CEB8-8B4A-11D0-8D11-00A0C91BC942}") = "user_created_sound", "user_created_sound.vcxproj", "{63809F71-5721-4592-ABF9-D107B0E99F56}"
EndProject
Project("{8BC9CEB8-8B4A-11D0-8D11-00A0C91BC942}") = "fmod_codec_raw", "fmod_codec_raw.vcxproj", "{9BD77B52-3756-4E75-8DE9-14C7189682CC}"
EndProject
Project("{8BC9CEB8-8B4A-11D0-8D11-00A0C91BC942}") = "fmod_distance_filter", "fmod_distance_filter.vcxproj", "{88D346F9-633C-4975-881D-4BBFB3419B6D}"
EndProject
Project("{8BC9CEB8-8B4A-11D0-8D11-00A0C91BC942}") = "fmod_gain", "fmod_gain.vcxproj", "{E1E17C2D-1CCE-4C11-A4A1-857F38A91D0E}"
EndProject
Project("{8BC9CEB8-8B4A-11D0-8D11-00A0C91BC942}") = "fmod_noise", "fmod_noise.vcxproj", "{215A4E0F-92A7-4729-B5B9-F22D4DDF396A}"
EndProject
Global
	GlobalSection(SolutionConfigurationPlatforms) = preSolution
		Debug|AArch64-Android-NVIDIA = Debug|AArch64-Android-NVIDIA
		Debug|ARM-Android-NVIDIA = Debug|ARM-Android-NVIDIA
		Debug|x86-Android-NVIDIA = Debug|x86-Android-NVIDIA
		Debug|x64-Android-NVIDIA = Debug|x64-Android-NVIDIA
		Release|AArch64-Android-NVIDIA = Release|AArch64-Android-NVIDIA
		Release|ARM-Android-NVIDIA = Release|ARM-Android-NVIDIA
		Release|x86-Android-NVIDIA = Release|x86-Android-NVIDIA
		Release|x64-Android-NVIDIA = Release|x64-Android-NVIDIA
	EndGlobalSection
	GlobalSection(ProjectConfigurationPlatforms) = postSolution
		{EDD12FFE-BDC6-424E-8D7A-8D4163A609D4}.Debug|AArch64-Android-NVIDIA.ActiveCfg = Debug|AArch64-Android-NVIDIA
		{EDD12FFE-BDC6-424E-8D7A-8D4163A609D4}.Debug|AArch64-Android-NVIDIA.Build.0 = Debug|AArch64-Android-NVIDIA
		{EDD12FFE-BDC6-424E-8D7A-8D4163A609D4}.Debug|AArch64-Android-NVIDIA.Deploy.0 = Debug|AArch64-Android-NVIDIA
		{EDD12FFE-BDC6-424E-8D7A-8D4163A609D4}.Debug|ARM-Android-NVIDIA.ActiveCfg = Debug|ARM-Android-NVIDIA
		{EDD12FFE-BDC6-424E-8D7A-8D4163A609D4}.Debug|ARM-Android-NVIDIA.Build.0 = Debug|ARM-Android-NVIDIA
		{EDD12FFE-BDC6-424E-8D7A-8D4163A609D4}.Debug|ARM-Android-NVIDIA.Deploy.0 = Debug|ARM-Android-NVIDIA
		{EDD12FFE-BDC6-424E-8D7A-8D4163A609D4}.Debug|x86-Android-NVIDIA.ActiveCfg = Debug|x86-Android-NVIDIA
		{EDD12FFE-BDC6-424E-8D7A-8D4163A609D4}.Debug|x86-Android-NVIDIA.Build.0 = Debug|x86-Android-NVIDIA
		{EDD12FFE-BDC6-424E-8D7A-8D4163A609D4}.Debug|x86-Android-NVIDIA.Deploy.0 = Debug|x86-Android-NVIDIA
		{EDD12FFE-BDC6-424E-8D7A-8D4163A609D4}.Debug|x64-Android-NVIDIA.ActiveCfg = Debug|x64-Android-NVIDIA
		{EDD12FFE-BDC6-424E-8D7A-8D4163A609D4}.Debug|x64-Android-NVIDIA.Build.0 = Debug|x64-Android-NVIDIA
		{EDD12FFE-BDC6-424E-8D7A-8D4163A609D4}.Debug|x64-Android-NVIDIA.Deploy.0 = Debug|x64-Android-NVIDIA
		{EDD12FFE-BDC6-424E-8D7A-8D4163A609D4}.Release|AArch64-Android-NVIDIA.ActiveCfg = Release|AArch64-Android-NVIDIA
		{EDD12FFE-BDC6-424E-8D7A-8D4163A609D4}.Release|AArch64-Android-NVIDIA.Build.0 = Release|AArch64-Android-NVIDIA
		{EDD12FFE-BDC6-424E-8D7A-8D4163A609D4}.Release|AArch64-Android-NVIDIA.Deploy.0 = Release|AArch64-Android-NVIDIA
		{EDD12FFE-BDC6-424E-8D7A-8D4163A609D4}.Release|ARM-Android-NVIDIA.ActiveCfg = Release|ARM-Android-NVIDIA
		{EDD12FFE-BDC6-424E-8D7A-8D4163A609D4}.Release|ARM-Android-NVIDIA.Build.0 = Release|ARM-Android-NVIDIA
		{EDD12FFE-BDC6-424E-8D7A-8D4163A609D4}.Release|ARM-Android-NVIDIA.Deploy.0 = Release|ARM-Android-NVIDIA
		{EDD12FFE-BDC6-424E-8D7A-8D4163A609D4}.Release|x86-Android-NVIDIA.ActiveCfg = Release|x86-Android-NVIDIA
		{EDD12FFE-BDC6-424E-8D7A-8D4163A609D4}.Release|x86-Android-NVIDIA.Build.0 = Release|x86-Android-NVIDIA
		{EDD12FFE-BDC6-424E-8D7A-8D4163A609D4}.Release|x86-Android-NVIDIA.Deploy.0 = Release|x86-Android-NVIDIA
		{EDD12FFE-BDC6-424E-8D7A-8D4163A609D4}.Release|x64-Android-NVIDIA.ActiveCfg = Release|x64-Android-NVIDIA
		{EDD12FFE-BDC6-424E-8D7A-8D4163A609D4}.Release|x64-Android-NVIDIA.Build.0 = Release|x64-Android-NVIDIA
		{EDD12FFE-BDC6-424E-8D7A-8D4163A609D4}.Release|x64-Android-NVIDIA.Deploy.0 = Release|x64-Android-NVIDIA
		{3AAF4202-1C85-42C1-9B40-2F70A9ECB9AA}.Debug|AArch64-Android-NVIDIA.ActiveCfg = Debug|AArch64-Android-NVIDIA
		{3AAF4202-1C85-42C1-9B40-2F70A9ECB9AA}.Debug|AArch64-Android-NVIDIA.Build.0 = Debug|AArch64-Android-NVIDIA
		{3AAF4202-1C85-42C1-9B40-2F70A9ECB9AA}.Debug|AArch64-Android-NVIDIA.Deploy.0 = Debug|AArch64-Android-NVIDIA
		{3AAF4202-1C85-42C1-9B40-2F70A9ECB9AA}.Debug|ARM-Android-NVIDIA.ActiveCfg = Debug|ARM-Android-NVIDIA
		{3AAF4202-1C85-42C1-9B40-2F70A9ECB9AA}.Debug|ARM-Android-NVIDIA.Build.0 = Debug|ARM-Android-NVIDIA
		{3AAF4202-1C85-42C1-9B40-2F70A9ECB9AA}.Debug|ARM-Android-NVIDIA.Deploy.0 = Debug|ARM-Android-NVIDIA
		{3AAF4202-1C85-42C1-9B40-2F70A9ECB9AA}.Debug|x86-Android-NVIDIA.ActiveCfg = Debug|x86-Android-NVIDIA
		{3AAF4202-1C85-42C1-9B40-2F70A9ECB9AA}.Debug|x86-Android-NVIDIA.Build.0 = Debug|x86-Android-NVIDIA
		{3AAF4202-1C85-42C1-9B40-2F70A9ECB9AA}.Debug|x86-Android-NVIDIA.Deploy.0 = Debug|x86-Android-NVIDIA
		{3AAF4202-1C85-42C1-9B40-2F70A9ECB9AA}.Debug|x64-Android-NVIDIA.ActiveCfg = Debug|x64-Android-NVIDIA
		{3AAF4202-1C85-42C1-9B40-2F70A9ECB9AA}.Debug|x64-Android-NVIDIA.Build.0 = Debug|x64-Android-NVIDIA
		{3AAF4202-1C85-42C1-9B40-2F70A9ECB9AA}.Debug|x64-Android-NVIDIA.Deploy.0 = Debug|x64-Android-NVIDIA
		{3AAF4202-1C85-42C1-9B40-2F70A9ECB9AA}.Release|AArch64-Android-NVIDIA.ActiveCfg = Release|AArch64-Android-NVIDIA
		{3AAF4202-1C85-42C1-9B40-2F70A9ECB9AA}.Release|AArch64-Android-NVIDIA.Build.0 = Release|AArch64-Android-NVIDIA
		{3AAF4202-1C85-42C1-9B40-2F70A9ECB9AA}.Release|AArch64-Android-NVIDIA.Deploy.0 = Release|AArch64-Android-NVIDIA
		{3AAF4202-1C85-42C1-9B40-2F70A9ECB9AA}.Release|ARM-Android-NVIDIA.ActiveCfg = Release|ARM-Android-NVIDIA
		{3AAF4202-1C85-42C1-9B40-2F70A9ECB9AA}.Release|ARM-Android-NVIDIA.Build.0 = Release|ARM-Android-NVIDIA
		{3AAF4202-1C85-42C1-9B40-2F70A9ECB9AA}.Release|ARM-Android-NVIDIA.Deploy.0 = Release|ARM-Android-NVIDIA
		{3AAF4202-1C85-42C1-9B40-2F70A9ECB9AA}.Release|x86-Android-NVIDIA.ActiveCfg = Release|x86-Android-NVIDIA
		{3AAF4202-1C85-42C1-9B40-2F70A9ECB9AA}.Release|x86-Android-NVIDIA.Build.0 = Release|x86-Android-NVIDIA
		{3AAF4202-1C85-42C1-9B40-2F70A9ECB9AA}.Release|x86-Android-NVIDIA.Deploy.0 = Release|x86-Android-NVIDIA
		{3AAF4202-1C85-42C1-9B40-2F70A9ECB9AA}.Release|x64-Android-NVIDIA.ActiveCfg = Release|x64-Android-NVIDIA
		{3AAF4202-1C85-42C1-9B40-2F70A9ECB9AA}.Release|x64-Android-NVIDIA.Build.0 = Release|x64-Android-NVIDIA
		{3AAF4202-1C85-42C1-9B40-2F70A9ECB9AA}.Release|x64-Android-NVIDIA.Deploy.0 = Release|x64-Android-NVIDIA
		{B270050A-5B17-4611-8508-ADD6E37B38E3}.Debug|AArch64-Android-NVIDIA.ActiveCfg = Debug|AArch64-Android-NVIDIA
		{B270050A-5B17-4611-8508-ADD6E37B38E3}.Debug|AArch64-Android-NVIDIA.Build.0 = Debug|AArch64-Android-NVIDIA
		{B270050A-5B17-4611-8508-ADD6E37B38E3}.Debug|AArch64-Android-NVIDIA.Deploy.0 = Debug|AArch64-Android-NVIDIA
		{B270050A-5B17-4611-8508-ADD6E37B38E3}.Debug|ARM-Android-NVIDIA.ActiveCfg = Debug|ARM-Android-NVIDIA
		{B270050A-5B17-4611-8508-ADD6E37B38E3}.Debug|ARM-Android-NVIDIA.Build.0 = Debug|ARM-Android-NVIDIA
		{B270050A-5B17-4611-8508-ADD6E37B38E3}.Debug|ARM-Android-NVIDIA.Deploy.0 = Debug|ARM-Android-NVIDIA
		{B270050A-5B17-4611-8508-ADD6E37B38E3}.Debug|x86-Android-NVIDIA.ActiveCfg = Debug|x86-Android-NVIDIA
		{B270050A-5B17-4611-8508-ADD6E37B38E3}.Debug|x86-Android-NVIDIA.Build.0 = Debug|x86-Android-NVIDIA
		{B270050A-5B17-4611-8508-ADD6E37B38E3}.Debug|x86-Android-NVIDIA.Deploy.0 = Debug|x86-Android-NVIDIA
		{B270050A-5B17-4611-8508-ADD6E37B38E3}.Debug|x64-Android-NVIDIA.ActiveCfg = Debug|x64-Android-NVIDIA
		{B270050A-5B17-4611-8508-ADD6E37B38E3}.Debug|x64-Android-NVIDIA.Build.0 = Debug|x64-Android-NVIDIA
		{B270050A-5B17-4611-8508-ADD6E37B38E3}.Debug|x64-Android-NVIDIA.Deploy.0 = Debug|x64-Android-NVIDIA
		{B270050A-5B17-4611-8508-ADD6E37B38E3}.Release|AArch64-Android-NVIDIA.ActiveCfg = Release|AArch64-Android-NVIDIA
		{B270050A-5B17-4611-8508-ADD6E37B38E3}.Release|AArch64-Android-NVIDIA.Build.0 = Release|AArch64-Android-NVIDIA
		{B270050A-5B17-4611-8508-ADD6E37B38E3}.Release|AArch64-Android-NVIDIA.Deploy.0 = Release|AArch64-Android-NVIDIA
		{B270050A-5B17-4611-8508-ADD6E37B38E3}.Release|ARM-Android-NVIDIA.ActiveCfg = Release|ARM-Android-NVIDIA
		{B270050A-5B17-4611-8508-ADD6E37B38E3}.Release|ARM-Android-NVIDIA.Build.0 = Release|ARM-Android-NVIDIA
		{B270050A-5B17-4611-8508-ADD6E37B38E3}.Release|ARM-Android-NVIDIA.Deploy.0 = Release|ARM-Android-NVIDIA
		{B270050A-5B17-4611-8508-ADD6E37B38E3}.Release|x86-Android-NVIDIA.ActiveCfg = Release|x86-Android-NVIDIA
		{B270050A-5B17-4611-8508-ADD6E37B38E3}.Release|x86-Android-NVIDIA.Build.0 = Release|x86-Android-NVIDIA
		{B270050A-5B17-4611-8508-ADD6E37B38E3}.Release|x86-Android-NVIDIA.Deploy.0 = Release|x86-Android-NVIDIA
		{B270050A-5B17-4611-8508-ADD6E37B38E3}.Release|x64-Android-NVIDIA.ActiveCfg = Release|x64-Android-NVIDIA
		{B270050A-5B17-4611-8508-ADD6E37B38E3}.Release|x64-Android-NVIDIA.Build.0 = Release|x64-Android-NVIDIA
		{B270050A-5B17-4611-8508-ADD6E37B38E3}.Release|x64-Android-NVIDIA.Deploy.0 = Release|x64-Android-NVIDIA
		{D4137477-5835-4525-886F-DD8899811AC3}.Debug|AArch64-Android-NVIDIA.ActiveCfg = Debug|AArch64-Android-NVIDIA
		{D4137477-5835-4525-886F-DD8899811AC3}.Debug|AArch64-Android-NVIDIA.Build.0 = Debug|AArch64-Android-NVIDIA
		{D4137477-5835-4525-886F-DD8899811AC3}.Debug|AArch64-Android-NVIDIA.Deploy.0 = Debug|AArch64-Android-NVIDIA
		{D4137477-5835-4525-886F-DD8899811AC3}.Debug|ARM-Android-NVIDIA.ActiveCfg = Debug|ARM-Android-NVIDIA
		{D4137477-5835-4525-886F-DD8899811AC3}.Debug|ARM-Android-NVIDIA.Build.0 = Debug|ARM-Android-NVIDIA
		{D4137477-5835-4525-886F-DD8899811AC3}.Debug|ARM-Android-NVIDIA.Deploy.0 = Debug|ARM-Android-NVIDIA
		{D4137477-5835-4525-886F-DD8899811AC3}.Debug|x86-Android-NVIDIA.ActiveCfg = Debug|x86-Android-NVIDIA
		{D4137477-5835-4525-886F-DD8899811AC3}.Debug|x86-Android-NVIDIA.Build.0 = Debug|x86-Android-NVIDIA
		{D4137477-5835-4525-886F-DD8899811AC3}.Debug|x86-Android-NVIDIA.Deploy.0 = Debug|x86-Android-NVIDIA
		{D4137477-5835-4525-886F-DD8899811AC3}.Debug|x64-Android-NVIDIA.ActiveCfg = Debug|x64-Android-NVIDIA
		{D4137477-5835-4525-886F-DD8899811AC3}.Debug|x64-Android-NVIDIA.Build.0 = Debug|x64-Android-NVIDIA
		{D4137477-5835-4525-886F-DD8899811AC3}.Debug|x64-Android-NVIDIA.Deploy.0 = Debug|x64-Android-NVIDIA
		{D4137477-5835-4525-886F-DD8899811AC3}.Release|AArch64-Android-NVIDIA.ActiveCfg = Release|AArch64-Android-NVIDIA
		{D4137477-5835-4525-886F-DD8899811AC3}.Release|AArch64-Android-NVIDIA.Build.0 = Release|AArch64-Android-NVIDIA
		{D4137477-5835-4525-886F-DD8899811AC3}.Release|AArch64-Android-NVIDIA.Deploy.0 = Release|AArch64-Android-NVIDIA
		{D4137477-5835-4525-886F-DD8899811AC3}.Release|ARM-Android-NVIDIA.ActiveCfg = Release|ARM-Android-NVIDIA
		{D4137477-5835-4525-886F-DD8899811AC3}.Release|ARM-Android-NVIDIA.Build.0 = Release|ARM-Android-NVIDIA
		{D4137477-5835-4525-886F-DD8899811AC3}.Release|ARM-Android-NVIDIA.Deploy.0 = Release|ARM-Android-NVIDIA
		{D4137477-5835-4525-886F-DD8899811AC3}.Release|x86-Android-NVIDIA.ActiveCfg = Release|x86-Android-NVIDIA
		{D4137477-5835-4525-886F-DD8899811AC3}.Release|x86-Android-NVIDIA.Build.0 = Release|x86-Android-NVIDIA
		{D4137477-5835-4525-886F-DD8899811AC3}.Release|x86-Android-NVIDIA.Deploy.0 = Release|x86-Android-NVIDIA
		{D4137477-5835-4525-886F-DD8899811AC3}.Release|x64-Android-NVIDIA.ActiveCfg = Release|x64-Android-NVIDIA
		{D4137477-5835-4525-886F-DD8899811AC3}.Release|x64-Android-NVIDIA.Build.0 = Release|x64-Android-NVIDIA
		{D4137477-5835-4525-886F-DD8899811AC3}.Release|x64-Android-NVIDIA.Deploy.0 = Release|x64-Android-NVIDIA
		{AEEE1BE5-12B0-4B17-8602-DFAE2A4C4CD0}.Debug|AArch64-Android-NVIDIA.ActiveCfg = Debug|AArch64-Android-NVIDIA
		{AEEE1BE5-12B0-4B17-8602-DFAE2A4C4CD0}.Debug|AArch64-Android-NVIDIA.Build.0 = Debug|AArch64-Android-NVIDIA
		{AEEE1BE5-12B0-4B17-8602-DFAE2A4C4CD0}.Debug|AArch64-Android-NVIDIA.Deploy.0 = Debug|AArch64-Android-NVIDIA
		{AEEE1BE5-12B0-4B17-8602-DFAE2A4C4CD0}.Debug|ARM-Android-NVIDIA.ActiveCfg = Debug|ARM-Android-NVIDIA
		{AEEE1BE5-12B0-4B17-8602-DFAE2A4C4CD0}.Debug|ARM-Android-NVIDIA.Build.0 = Debug|ARM-Android-NVIDIA
		{AEEE1BE5-12B0-4B17-8602-DFAE2A4C4CD0}.Debug|ARM-Android-NVIDIA.Deploy.0 = Debug|ARM-Android-NVIDIA
		{AEEE1BE5-12B0-4B17-8602-DFAE2A4C4CD0}.Debug|x86-Android-NVIDIA.ActiveCfg = Debug|x86-Android-NVIDIA
		{AEEE1BE5-12B0-4B17-8602-DFAE2A4C4CD0}.Debug|x86-Android-NVIDIA.Build.0 = Debug|x86-Android-NVIDIA
		{AEEE1BE5-12B0-4B17-8602-DFAE2A4C4CD0}.Debug|x86-Android-NVIDIA.Deploy.0 = Debug|x86-Android-NVIDIA
		{AEEE1BE5-12B0-4B17-8602-DFAE2A4C4CD0}.Debug|x64-Android-NVIDIA.ActiveCfg = Debug|x64-Android-NVIDIA
		{AEEE1BE5-12B0-4B17-8602-DFAE2A4C4CD0}.Debug|x64-Android-NVIDIA.Build.0 = Debug|x64-Android-NVIDIA
		{AEEE1BE5-12B0-4B17-8602-DFAE2A4C4CD0}.Debug|x64-Android-NVIDIA.Deploy.0 = Debug|x64-Android-NVIDIA
		{AEEE1BE5-12B0-4B17-8602-DFAE2A4C4CD0}.Release|AArch64-Android-NVIDIA.ActiveCfg = Release|AArch64-Android-NVIDIA
		{AEEE1BE5-12B0-4B17-8602-DFAE2A4C4CD0}.Release|AArch64-Android-NVIDIA.Build.0 = Release|AArch64-Android-NVIDIA
		{AEEE1BE5-12B0-4B17-8602-DFAE2A4C4CD0}.Release|AArch64-Android-NVIDIA.Deploy.0 = Release|AArch64-Android-NVIDIA
		{AEEE1BE5-12B0-4B17-8602-DFAE2A4C4CD0}.Release|ARM-Android-NVIDIA.ActiveCfg = Release|ARM-Android-NVIDIA
		{AEEE1BE5-12B0-4B17-8602-DFAE2A4C4CD0}.Release|ARM-Android-NVIDIA.Build.0 = Release|ARM-Android-NVIDIA
		{AEEE1BE5-12B0-4B17-8602-DFAE2A4C4CD0}.Release|ARM-Android-NVIDIA.Deploy.0 = Release|ARM-Android-NVIDIA
		{AEEE1BE5-12B0-4B17-8602-DFAE2A4C4CD0}.Release|x86-Android-NVIDIA.ActiveCfg = Release|x86-Android-NVIDIA
		{AEEE1BE5-12B0-4B17-8602-DFAE2A4C4CD0}.Release|x86-Android-NVIDIA.Build.0 = Release|x86-Android-NVIDIA
		{AEEE1BE5-12B0-4B17-8602-DFAE2A4C4CD0}.Release|x86-Android-NVIDIA.Deploy.0 = Release|x86-Android-NVIDIA
		{AEEE1BE5-12B0-4B17-8602-DFAE2A4C4CD0}.Release|x64-Android-NVIDIA.ActiveCfg = Release|x64-Android-NVIDIA
		{AEEE1BE5-12B0-4B17-8602-DFAE2A4C4CD0}.Release|x64-Android-NVIDIA.Build.0 = Release|x64-Android-NVIDIA
		{AEEE1BE5-12B0-4B17-8602-DFAE2A4C4CD0}.Release|x64-Android-NVIDIA.Deploy.0 = Release|x64-Android-NVIDIA
		{34B4E4F5-CAAB-4B91-9F4B-E84B5A61D208}.Debug|AArch64-Android-NVIDIA.ActiveCfg = Debug|AArch64-Android-NVIDIA
		{34B4E4F5-CAAB-4B91-9F4B-E84B5A61D208}.Debug|AArch64-Android-NVIDIA.Build.0 = Debug|AArch64-Android-NVIDIA
		{34B4E4F5-CAAB-4B91-9F4B-E84B5A61D208}.Debug|AArch64-Android-NVIDIA.Deploy.0 = Debug|AArch64-Android-NVIDIA
		{34B4E4F5-CAAB-4B91-9F4B-E84B5A61D208}.Debug|ARM-Android-NVIDIA.ActiveCfg = Debug|ARM-Android-NVIDIA
		{34B4E4F5-CAAB-4B91-9F4B-E84B5A61D208}.Debug|ARM-Android-NVIDIA.Build.0 = Debug|ARM-Android-NVIDIA
		{34B4E4F5-CAAB-4B91-9F4B-E84B5A61D208}.Debug|ARM-Android-NVIDIA.Deploy.0 = Debug|ARM-Android-NVIDIA
		{34B4E4F5-CAAB-4B91-9F4B-E84B5A61D208}.Debug|x86-Android-NVIDIA.ActiveCfg = Debug|x86-Android-NVIDIA
		{34B4E4F5-CAAB-4B91-9F4B-E84B5A61D208}.Debug|x86-Android-NVIDIA.Build.0 = Debug|x86-Android-NVIDIA
		{34B4E4F5-CAAB-4B91-9F4B-E84B5A61D208}.Debug|x86-Android-NVIDIA.Deploy.0 = Debug|x86-Android-NVIDIA
		{34B4E4F5-CAAB-4B91-9F4B-E84B5A61D208}.Debug|x64-Android-NVIDIA.ActiveCfg = Debug|x64-Android-NVIDIA
		{34B4E4F5-CAAB-4B91-9F4B-E84B5A61D208}.Debug|x64-Android-NVIDIA.Build.0 = Debug|x64-Android-NVIDIA
		{34B4E4F5-CAAB-4B91-9F4B-E84B5A61D208}.Debug|x64-Android-NVIDIA.Deploy.0 = Debug|x64-Android-NVIDIA
		{34B4E4F5-CAAB-4B91-9F4B-E84B5A61D208}.Release|AArch64-Android-NVIDIA.ActiveCfg = Release|AArch64-Android-NVIDIA
		{34B4E4F5-CAAB-4B91-9F4B-E84B5A61D208}.Release|AArch64-Android-NVIDIA.Build.0 = Release|AArch64-Android-NVIDIA
		{34B4E4F5-CAAB-4B91-9F4B-E84B5A61D208}.Release|AArch64-Android-NVIDIA.Deploy.0 = Release|AArch64-Android-NVIDIA
		{34B4E4F5-CAAB-4B91-9F4B-E84B5A61D208}.Release|ARM-Android-NVIDIA.ActiveCfg = Release|ARM-Android-NVIDIA
		{34B4E4F5-CAAB-4B91-9F4B-E84B5A61D208}.Release|ARM-Android-NVIDIA.Build.0 = Release|ARM-Android-NVIDIA
		{34B4E4F5-CAAB-4B91-9F4B-E84B5A61D208}.Release|ARM-Android-NVIDIA.Deploy.0 = Release|ARM-Android-NVIDIA
		{34B4E4F5-CAAB-4B91-9F4B-E84B5A61D208}.Release|x86-Android-NVIDIA.ActiveCfg = Release|x86-Android-NVIDIA
		{34B4E4F5-CAAB-4B91-9F4B-E84B5A61D208}.Release|x86-Android-NVIDIA.Build.0 = Release|x86-Android-NVIDIA
		{34B4E4F5-CAAB-4B91-9F4B-E84B5A61D208}.Release|x86-Android-NVIDIA.Deploy.0 = Release|x86-Android-NVIDIA
		{34B4E4F5-CAAB-4B91-9F4B-E84B5A61D208}.Release|x64-Android-NVIDIA.ActiveCfg = Release|x64-Android-NVIDIA
		{34B4E4F5-CAAB-4B91-9F4B-E84B5A61D208}.Release|x64-Android-NVIDIA.Build.0 = Release|x64-Android-NVIDIA
		{34B4E4F5-CAAB-4B91-9F4B-E84B5A61D208}.Release|x64-Android-NVIDIA.Deploy.0 = Release|x64-Android-NVIDIA
		{979B479E-10F3-47A8-A791-D6FD0C0CE50D}.Debug|AArch64-Android-NVIDIA.ActiveCfg = Debug|AArch64-Android-NVIDIA
		{979B479E-10F3-47A8-A791-D6FD0C0CE50D}.Debug|AArch64-Android-NVIDIA.Build.0 = Debug|AArch64-Android-NVIDIA
		{979B479E-10F3-47A8-A791-D6FD0C0CE50D}.Debug|AArch64-Android-NVIDIA.Deploy.0 = Debug|AArch64-Android-NVIDIA
		{979B479E-10F3-47A8-A791-D6FD0C0CE50D}.Debug|ARM-Android-NVIDIA.ActiveCfg = Debug|ARM-Android-NVIDIA
		{979B479E-10F3-47A8-A791-D6FD0C0CE50D}.Debug|ARM-Android-NVIDIA.Build.0 = Debug|ARM-Android-NVIDIA
		{979B479E-10F3-47A8-A791-D6FD0C0CE50D}.Debug|ARM-Android-NVIDIA.Deploy.0 = Debug|ARM-Android-NVIDIA
		{979B479E-10F3-47A8-A791-D6FD0C0CE50D}.Debug|x86-Android-NVIDIA.ActiveCfg = Debug|x86-Android-NVIDIA
		{979B479E-10F3-47A8-A791-D6FD0C0CE50D}.Debug|x86-Android-NVIDIA.Build.0 = Debug|x86-Android-NVIDIA
		{979B479E-10F3-47A8-A791-D6FD0C0CE50D}.Debug|x86-Android-NVIDIA.Deploy.0 = Debug|x86-Android-NVIDIA
		{979B479E-10F3-47A8-A791-D6FD0C0CE50D}.Debug|x64-Android-NVIDIA.ActiveCfg = Debug|x64-Android-NVIDIA
		{979B479E-10F3-47A8-A791-D6FD0C0CE50D}.Debug|x64-Android-NVIDIA.Build.0 = Debug|x64-Android-NVIDIA
		{979B479E-10F3-47A8-A791-D6FD0C0CE50D}.Debug|x64-Android-NVIDIA.Deploy.0 = Debug|x64-Android-NVIDIA
		{979B479E-10F3-47A8-A791-D6FD0C0CE50D}.Release|AArch64-Android-NVIDIA.ActiveCfg = Release|AArch64-Android-NVIDIA
		{979B479E-10F3-47A8-A791-D6FD0C0CE50D}.Release|AArch64-Android-NVIDIA.Build.0 = Release|AArch64-Android-NVIDIA
		{979B479E-10F3-47A8-A791-D6FD0C0CE50D}.Release|AArch64-Android-NVIDIA.Deploy.0 = Release|AArch64-Android-NVIDIA
		{979B479E-10F3-47A8-A791-D6FD0C0CE50D}.Release|ARM-Android-NVIDIA.ActiveCfg = Release|ARM-Android-NVIDIA
		{979B479E-10F3-47A8-A791-D6FD0C0CE50D}.Release|ARM-Android-NVIDIA.Build.0 = Release|ARM-Android-NVIDIA
		{979B479E-10F3-47A8-A791-D6FD0C0CE50D}.Release|ARM-Android-NVIDIA.Deploy.0 = Release|ARM-Android-NVIDIA
		{979B479E-10F3-47A8-A791-D6FD0C0CE50D}.Release|x86-Android-NVIDIA.ActiveCfg = Release|x86-Android-NVIDIA
		{979B479E-10F3-47A8-A791-D6FD0C0CE50D}.Release|x86-Android-NVIDIA.Build.0 = Release|x86-Android-NVIDIA
		{979B479E-10F3-47A8-A791-D6FD0C0CE50D}.Release|x86-Android-NVIDIA.Deploy.0 = Release|x86-Android-NVIDIA
		{979B479E-10F3-47A8-A791-D6FD0C0CE50D}.Release|x64-Android-NVIDIA.ActiveCfg = Release|x64-Android-NVIDIA
		{979B479E-10F3-47A8-A791-D6FD0C0CE50D}.Release|x64-Android-NVIDIA.Build.0 = Release|x64-Android-NVIDIA
		{979B479E-10F3-47A8-A791-D6FD0C0CE50D}.Release|x64-Android-NVIDIA.Deploy.0 = Release|x64-Android-NVIDIA
		{D0C7F3D6-6A95-4437-8F17-9FED0931D93E}.Debug|AArch64-Android-NVIDIA.ActiveCfg = Debug|AArch64-Android-NVIDIA
		{D0C7F3D6-6A95-4437-8F17-9FED0931D93E}.Debug|AArch64-Android-NVIDIA.Build.0 = Debug|AArch64-Android-NVIDIA
		{D0C7F3D6-6A95-4437-8F17-9FED0931D93E}.Debug|AArch64-Android-NVIDIA.Deploy.0 = Debug|AArch64-Android-NVIDIA
		{D0C7F3D6-6A95-4437-8F17-9FED0931D93E}.Debug|ARM-Android-NVIDIA.ActiveCfg = Debug|ARM-Android-NVIDIA
		{D0C7F3D6-6A95-4437-8F17-9FED0931D93E}.Debug|ARM-Android-NVIDIA.Build.0 = Debug|ARM-Android-NVIDIA
		{D0C7F3D6-6A95-4437-8F17-9FED0931D93E}.Debug|ARM-Android-NVIDIA.Deploy.0 = Debug|ARM-Android-NVIDIA
		{D0C7F3D6-6A95-4437-8F17-9FED0931D93E}.Debug|x86-Android-NVIDIA.ActiveCfg = Debug|x86-Android-NVIDIA
		{D0C7F3D6-6A95-4437-8F17-9FED0931D93E}.Debug|x86-Android-NVIDIA.Build.0 = Debug|x86-Android-NVIDIA
		{D0C7F3D6-6A95-4437-8F17-9FED0931D93E}.Debug|x86-Android-NVIDIA.Deploy.0 = Debug|x86-Android-NVIDIA
		{D0C7F3D6-6A95-4437-8F17-9FED0931D93E}.Debug|x64-Android-NVIDIA.ActiveCfg = Debug|x64-Android-NVIDIA
		{D0C7F3D6-6A95-4437-8F17-9FED0931D93E}.Debug|x64-Android-NVIDIA.Build.0 = Debug|x64-Android-NVIDIA
		{D0C7F3D6-6A95-4437-8F17-9FED0931D93E}.Debug|x64-Android-NVIDIA.Deploy.0 = Debug|x64-Android-NVIDIA
		{D0C7F3D6-6A95-4437-8F17-9FED0931D93E}.Release|AArch64-Android-NVIDIA.ActiveCfg = Release|AArch64-Android-NVIDIA
		{D0C7F3D6-6A95-4437-8F17-9FED0931D93E}.Release|AArch64-Android-NVIDIA.Build.0 = Release|AArch64-Android-NVIDIA
		{D0C7F3D6-6A95-4437-8F17-9FED0931D93E}.Release|AArch64-Android-NVIDIA.Deploy.0 = Release|AArch64-Android-NVIDIA
		{D0C7F3D6-6A95-4437-8F17-9FED0931D93E}.Release|ARM-Android-NVIDIA.ActiveCfg = Release|ARM-Android-NVIDIA
		{D0C7F3D6-6A95-4437-8F17-9FED0931D93E}.Release|ARM-Android-NVIDIA.Build.0 = Release|ARM-Android-NVIDIA
		{D0C7F3D6-6A95-4437-8F17-9FED0931D93E}.Release|ARM-Android-NVIDIA.Deploy.0 = Release|ARM-Android-NVIDIA
		{D0C7F3D6-6A95-4437-8F17-9FED0931D93E}.Release|x86-Android-NVIDIA.ActiveCfg = Release|x86-Android-NVIDIA
		{D0C7F3D6-6A95-4437-8F17-9FED0931D93E}.Release|x86-Android-NVIDIA.Build.0 = Release|x86-Android-NVIDIA
		{D0C7F3D6-6A95-4437-8F17-9FED0931D93E}.Release|x86-Android-NVIDIA.Deploy.0 = Release|x86-Android-NVIDIA
		{D0C7F3D6-6A95-4437-8F17-9FED0931D93E}.Release|x64-Android-NVIDIA.ActiveCfg = Release|x64-Android-NVIDIA
		{D0C7F3D6-6A95-4437-8F17-9FED0931D93E}.Release|x64-Android-NVIDIA.Build.0 = Release|x64-Android-NVIDIA
		{D0C7F3D6-6A95-4437-8F17-9FED0931D93E}.Release|x64-Android-NVIDIA.Deploy.0 = Release|x64-Android-NVIDIA
		{8E9D56B3-4E43-4036-996A-E5820AD60C60}.Debug|AArch64-Android-NVIDIA.ActiveCfg = Debug|AArch64-Android-NVIDIA
		{8E9D56B3-4E43-4036-996A-E5820AD60C60}.Debug|AArch64-Android-NVIDIA.Build.0 = Debug|AArch64-Android-NVIDIA
		{8E9D56B3-4E43-4036-996A-E5820AD60C60}.Debug|AArch64-Android-NVIDIA.Deploy.0 = Debug|AArch64-Android-NVIDIA
		{8E9D56B3-4E43-4036-996A-E5820AD60C60}.Debug|ARM-Android-NVIDIA.ActiveCfg = Debug|ARM-Android-NVIDIA
		{8E9D56B3-4E43-4036-996A-E5820AD60C60}.Debug|ARM-Android-NVIDIA.Build.0 = Debug|ARM-Android-NVIDIA
		{8E9D56B3-4E43-4036-996A-E5820AD60C60}.Debug|ARM-Android-NVIDIA.Deploy.0 = Debug|ARM-Android-NVIDIA
		{8E9D56B3-4E43-4036-996A-E5820AD60C60}.Debug|x86-Android-NVIDIA.ActiveCfg = Debug|x86-Android-NVIDIA
		{8E9D56B3-4E43-4036-996A-E5820AD60C60}.Debug|x86-Android-NVIDIA.Build.0 = Debug|x86-Android-NVIDIA
		{8E9D56B3-4E43-4036-996A-E5820AD60C60}.Debug|x86-Android-NVIDIA.Deploy.0 = Debug|x86-Android-NVIDIA
		{8E9D56B3-4E43-4036-996A-E5820AD60C60}.Debug|x64-Android-NVIDIA.ActiveCfg = Debug|x64-Android-NVIDIA
		{8E9D56B3-4E43-4036-996A-E5820AD60C60}.Debug|x64-Android-NVIDIA.Build.0 = Debug|x64-Android-NVIDIA
		{8E9D56B3-4E43-4036-996A-E5820AD60C60}.Debug|x64-Android-NVIDIA.Deploy.0 = Debug|x64-Android-NVIDIA
		{8E9D56B3-4E43-4036-996A-E5820AD60C60}.Release|AArch64-Android-NVIDIA.ActiveCfg = Release|AArch64-Android-NVIDIA
		{8E9D56B3-4E43-4036-996A-E5820AD60C60}.Release|AArch64-Android-NVIDIA.Build.0 = Release|AArch64-Android-NVIDIA
		{8E9D56B3-4E43-4036-996A-E5820AD60C60}.Release|AArch64-Android-NVIDIA.Deploy.0 = Release|AArch64-Android-NVIDIA
		{8E9D56B3-4E43-4036-996A-E5820AD60C60}.Release|ARM-Android-NVIDIA.ActiveCfg = Release|ARM-Android-NVIDIA
		{8E9D56B3-4E43-4036-996A-E5820AD60C60}.Release|ARM-Android-NVIDIA.Build.0 = Release|ARM-Android-NVIDIA
		{8E9D56B3-4E43-4036-996A-E5820AD60C60}.Release|ARM-Android-NVIDIA.Deploy.0 = Release|ARM-Android-NVIDIA
		{8E9D56B3-4E43-4036-996A-E5820AD60C60}.Release|x86-Android-NVIDIA.ActiveCfg = Release|x86-Android-NVIDIA
		{8E9D56B3-4E43-4036-996A-E5820AD60C60}.Release|x86-Android-NVIDIA.Build.0 = Release|x86-Android-NVIDIA
		{8E9D56B3-4E43-4036-996A-E5820AD60C60}.Release|x86-Android-NVIDIA.Deploy.0 = Release|x86-Android-NVIDIA
		{8E9D56B3-4E43-4036-996A-E5820AD60C60}.Release|x64-Android-NVIDIA.ActiveCfg = Release|x64-Android-NVIDIA
		{8E9D56B3-4E43-4036-996A-E5820AD60C60}.Release|x64-Android-NVIDIA.Build.0 = Release|x64-Android-NVIDIA
		{8E9D56B3-4E43-4036-996A-E5820AD60C60}.Release|x64-Android-NVIDIA.Deploy.0 = Release|x64-Android-NVIDIA
		{4DA240EC-46AB-409E-9C26-431C4A5E549F}.Debug|AArch64-Android-NVIDIA.ActiveCfg = Debug|AArch64-Android-NVIDIA
		{4DA240EC-46AB-409E-9C26-431C4A5E549F}.Debug|AArch64-Android-NVIDIA.Build.0 = Debug|AArch64-Android-NVIDIA
		{4DA240EC-46AB-409E-9C26-431C4A5E549F}.Debug|AArch64-Android-NVIDIA.Deploy.0 = Debug|AArch64-Android-NVIDIA
		{4DA240EC-46AB-409E-9C26-431C4A5E549F}.Debug|ARM-Android-NVIDIA.ActiveCfg = Debug|ARM-Android-NVIDIA
		{4DA240EC-46AB-409E-9C26-431C4A5E549F}.Debug|ARM-Android-NVIDIA.Build.0 = Debug|ARM-Android-NVIDIA
		{4DA240EC-46AB-409E-9C26-431C4A5E549F}.Debug|ARM-Android-NVIDIA.Deploy.0 = Debug|ARM-Android-NVIDIA
		{4DA240EC-46AB-409E-9C26-431C4A5E549F}.Debug|x86-Android-NVIDIA.ActiveCfg = Debug|x86-Android-NVIDIA
		{4DA240EC-46AB-409E-9C26-431C4A5E549F}.Debug|x86-Android-NVIDIA.Build.0 = Debug|x86-Android-NVIDIA
		{4DA240EC-46AB-409E-9C26-431C4A5E549F}.Debug|x86-Android-NVIDIA.Deploy.0 = Debug|x86-Android-NVIDIA
		{4DA240EC-46AB-409E-9C26-431C4A5E549F}.Debug|x64-Android-NVIDIA.ActiveCfg = Debug|x64-Android-NVIDIA
		{4DA240EC-46AB-409E-9C26-431C4A5E549F}.Debug|x64-Android-NVIDIA.Build.0 = Debug|x64-Android-NVIDIA
		{4DA240EC-46AB-409E-9C26-431C4A5E549F}.Debug|x64-Android-NVIDIA.Deploy.0 = Debug|x64-Android-NVIDIA
		{4DA240EC-46AB-409E-9C26-431C4A5E549F}.Release|AArch64-Android-NVIDIA.ActiveCfg = Release|AArch64-Android-NVIDIA
		{4DA240EC-46AB-409E-9C26-431C4A5E549F}.Release|AArch64-Android-NVIDIA.Build.0 = Release|AArch64-Android-NVIDIA
		{4DA240EC-46AB-409E-9C26-431C4A5E549F}.Release|AArch64-Android-NVIDIA.Deploy.0 = Release|AArch64-Android-NVIDIA
		{4DA240EC-46AB-409E-9C26-431C4A5E549F}.Release|ARM-Android-NVIDIA.ActiveCfg = Release|ARM-Android-NVIDIA
		{4DA240EC-46AB-409E-9C26-431C4A5E549F}.Release|ARM-Android-NVIDIA.Build.0 = Release|ARM-Android-NVIDIA
		{4DA240EC-46AB-409E-9C26-431C4A5E549F}.Release|ARM-Android-NVIDIA.Deploy.0 = Release|ARM-Android-NVIDIA
		{4DA240EC-46AB-409E-9C26-431C4A5E549F}.Release|x86-Android-NVIDIA.ActiveCfg = Release|x86-Android-NVIDIA
		{4DA240EC-46AB-409E-9C26-431C4A5E549F}.Release|x86-Android-NVIDIA.Build.0 = Release|x86-Android-NVIDIA
		{4DA240EC-46AB-409E-9C26-431C4A5E549F}.Release|x86-Android-NVIDIA.Deploy.0 = Release|x86-Android-NVIDIA
		{4DA240EC-46AB-409E-9C26-431C4A5E549F}.Release|x64-Android-NVIDIA.ActiveCfg = Release|x64-Android-NVIDIA
		{4DA240EC-46AB-409E-9C26-431C4A5E549F}.Release|x64-Android-NVIDIA.Build.0 = Release|x64-Android-NVIDIA
		{4DA240EC-46AB-409E-9C26-431C4A5E549F}.Release|x64-Android-NVIDIA.Deploy.0 = Release|x64-Android-NVIDIA
		{5CF8BC2E-5FCB-4A37-B2E7-FC3ED2CBE956}.Debug|AArch64-Android-NVIDIA.ActiveCfg = Debug|AArch64-Android-NVIDIA
		{5CF8BC2E-5FCB-4A37-B2E7-FC3ED2CBE956}.Debug|AArch64-Android-NVIDIA.Build.0 = Debug|AArch64-Android-NVIDIA
		{5CF8BC2E-5FCB-4A37-B2E7-FC3ED2CBE956}.Debug|AArch64-Android-NVIDIA.Deploy.0 = Debug|AArch64-Android-NVIDIA
		{5CF8BC2E-5FCB-4A37-B2E7-FC3ED2CBE956}.Debug|ARM-Android-NVIDIA.ActiveCfg = Debug|ARM-Android-NVIDIA
		{5CF8BC2E-5FCB-4A37-B2E7-FC3ED2CBE956}.Debug|ARM-Android-NVIDIA.Build.0 = Debug|ARM-Android-NVIDIA
		{5CF8BC2E-5FCB-4A37-B2E7-FC3ED2CBE956}.Debug|ARM-Android-NVIDIA.Deploy.0 = Debug|ARM-Android-NVIDIA
		{5CF8BC2E-5FCB-4A37-B2E7-FC3ED2CBE956}.Debug|x86-Android-NVIDIA.ActiveCfg = Debug|x86-Android-NVIDIA
		{5CF8BC2E-5FCB-4A37-B2E7-FC3ED2CBE956}.Debug|x86-Android-NVIDIA.Build.0 = Debug|x86-Android-NVIDIA
		{5CF8BC2E-5FCB-4A37-B2E7-FC3ED2CBE956}.Debug|x86-Android-NVIDIA.Deploy.0 = Debug|x86-Android-NVIDIA
		{5CF8BC2E-5FCB-4A37-B2E7-FC3ED2CBE956}.Debug|x64-Android-NVIDIA.ActiveCfg = Debug|x64-Android-NVIDIA
		{5CF8BC2E-5FCB-4A37-B2E7-FC3ED2CBE956}.Debug|x64-Android-NVIDIA.Build.0 = Debug|x64-Android-NVIDIA
		{5CF8BC2E-5FCB-4A37-B2E7-FC3ED2CBE956}.Debug|x64-Android-NVIDIA.Deploy.0 = Debug|x64-Android-NVIDIA
		{5CF8BC2E-5FCB-4A37-B2E7-FC3ED2CBE956}.Release|AArch64-Android-NVIDIA.ActiveCfg = Release|AArch64-Android-NVIDIA
		{5CF8BC2E-5FCB-4A37-B2E7-FC3ED2CBE956}.Release|AArch64-Android-NVIDIA.Build.0 = Release|AArch64-Android-NVIDIA
		{5CF8BC2E-5FCB-4A37-B2E7-FC3ED2CBE956}.Release|AArch64-Android-NVIDIA.Deploy.0 = Release|AArch64-Android-NVIDIA
		{5CF8BC2E-5FCB-4A37-B2E7-FC3ED2CBE956}.Release|ARM-Android-NVIDIA.ActiveCfg = Release|ARM-Android-NVIDIA
		{5CF8BC2E-5FCB-4A37-B2E7-FC3ED2CBE956}.Release|ARM-Android-NVIDIA.Build.0 = Release|ARM-Android-NVIDIA
		{5CF8BC2E-5FCB-4A37-B2E7-FC3ED2CBE956}.Release|ARM-Android-NVIDIA.Deploy.0 = Release|ARM-Android-NVIDIA
		{5CF8BC2E-5FCB-4A37-B2E7-FC3ED2CBE956}.Release|x86-Android-NVIDIA.ActiveCfg = Release|x86-Android-NVIDIA
		{5CF8BC2E-5FCB-4A37-B2E7-FC3ED2CBE956}.Release|x86-Android-NVIDIA.Build.0 = Release|x86-Android-NVIDIA
		{5CF8BC2E-5FCB-4A37-B2E7-FC3ED2CBE956}.Release|x86-Android-NVIDIA.Deploy.0 = Release|x86-Android-NVIDIA
		{5CF8BC2E-5FCB-4A37-B2E7-FC3ED2CBE956}.Release|x64-Android-NVIDIA.ActiveCfg = Release|x64-Android-NVIDIA
		{5CF8BC2E-5FCB-4A37-B2E7-FC3ED2CBE956}.Release|x64-Android-NVIDIA.Build.0 = Release|x64-Android-NVIDIA
		{5CF8BC2E-5FCB-4A37-B2E7-FC3ED2CBE956}.Release|x64-Android-NVIDIA.Deploy.0 = Release|x64-Android-NVIDIA
		{14660875-F953-4FA6-BD25-ECEA6B54B987}.Debug|AArch64-Android-NVIDIA.ActiveCfg = Debug|AArch64-Android-NVIDIA
		{14660875-F953-4FA6-BD25-ECEA6B54B987}.Debug|AArch64-Android-NVIDIA.Build.0 = Debug|AArch64-Android-NVIDIA
		{14660875-F953-4FA6-BD25-ECEA6B54B987}.Debug|AArch64-Android-NVIDIA.Deploy.0 = Debug|AArch64-Android-NVIDIA
		{14660875-F953-4FA6-BD25-ECEA6B54B987}.Debug|ARM-Android-NVIDIA.ActiveCfg = Debug|ARM-Android-NVIDIA
		{14660875-F953-4FA6-BD25-ECEA6B54B987}.Debug|ARM-Android-NVIDIA.Build.0 = Debug|ARM-Android-NVIDIA
		{14660875-F953-4FA6-BD25-ECEA6B54B987}.Debug|ARM-Android-NVIDIA.Deploy.0 = Debug|ARM-Android-NVIDIA
		{14660875-F953-4FA6-BD25-ECEA6B54B987}.Debug|x86-Android-NVIDIA.ActiveCfg = Debug|x86-Android-NVIDIA
		{14660875-F953-4FA6-BD25-ECEA6B54B987}.Debug|x86-Android-NVIDIA.Build.0 = Debug|x86-Android-NVIDIA
		{14660875-F953-4FA6-BD25-ECEA6B54B987}.Debug|x86-Android-NVIDIA.Deploy.0 = Debug|x86-Android-NVIDIA
		{14660875-F953-4FA6-BD25-ECEA6B54B987}.Debug|x64-Android-NVIDIA.ActiveCfg = Debug|x64-Android-NVIDIA
		{14660875-F953-4FA6-BD25-ECEA6B54B987}.Debug|x64-Android-NVIDIA.Build.0 = Debug|x64-Android-NVIDIA
		{14660875-F953-4FA6-BD25-ECEA6B54B987}.Debug|x64-Android-NVIDIA.Deploy.0 = Debug|x64-Android-NVIDIA
		{14660875-F953-4FA6-BD25-ECEA6B54B987}.Release|AArch64-Android-NVIDIA.ActiveCfg = Release|AArch64-Android-NVIDIA
		{14660875-F953-4FA6-BD25-ECEA6B54B987}.Release|AArch64-Android-NVIDIA.Build.0 = Release|AArch64-Android-NVIDIA
		{14660875-F953-4FA6-BD25-ECEA6B54B987}.Release|AArch64-Android-NVIDIA.Deploy.0 = Release|AArch64-Android-NVIDIA
		{14660875-F953-4FA6-BD25-ECEA6B54B987}.Release|ARM-Android-NVIDIA.ActiveCfg = Release|ARM-Android-NVIDIA
		{14660875-F953-4FA6-BD25-ECEA6B54B987}.Release|ARM-Android-NVIDIA.Build.0 = Release|ARM-Android-NVIDIA
		{14660875-F953-4FA6-BD25-ECEA6B54B987}.Release|ARM-Android-NVIDIA.Deploy.0 = Release|ARM-Android-NVIDIA
		{14660875-F953-4FA6-BD25-ECEA6B54B987}.Release|x86-Android-NVIDIA.ActiveCfg = Release|x86-Android-NVIDIA
		{14660875-F953-4FA6-BD25-ECEA6B54B987}.Release|x86-Android-NVIDIA.Build.0 = Release|x86-Android-NVIDIA
		{14660875-F953-4FA6-BD25-ECEA6B54B987}.Release|x86-Android-NVIDIA.Deploy.0 = Release|x86-Android-NVIDIA
		{14660875-F953-4FA6-BD25-ECEA6B54B987}.Release|x64-Android-NVIDIA.ActiveCfg = Release|x64-Android-NVIDIA
		{14660875-F953-4FA6-BD25-ECEA6B54B987}.Release|x64-Android-NVIDIA.Build.0 = Release|x64-Android-NVIDIA
		{14660875-F953-4FA6-BD25-ECEA6B54B987}.Release|x64-Android-NVIDIA.Deploy.0 = Release|x64-Android-NVIDIA
		{5024DADE-6C8F-4958-BFCB-23C545D6EC1D}.Debug|AArch64-Android-NVIDIA.ActiveCfg = Debug|AArch64-Android-NVIDIA
		{5024DADE-6C8F-4958-BFCB-23C545D6EC1D}.Debug|AArch64-Android-NVIDIA.Build.0 = Debug|AArch64-Android-NVIDIA
		{5024DADE-6C8F-4958-BFCB-23C545D6EC1D}.Debug|AArch64-Android-NVIDIA.Deploy.0 = Debug|AArch64-Android-NVIDIA
		{5024DADE-6C8F-4958-BFCB-23C545D6EC1D}.Debug|ARM-Android-NVIDIA.ActiveCfg = Debug|ARM-Android-NVIDIA
		{5024DADE-6C8F-4958-BFCB-23C545D6EC1D}.Debug|ARM-Android-NVIDIA.Build.0 = Debug|ARM-Android-NVIDIA
		{5024DADE-6C8F-4958-BFCB-23C545D6EC1D}.Debug|ARM-Android-NVIDIA.Deploy.0 = Debug|ARM-Android-NVIDIA
		{5024DADE-6C8F-4958-BFCB-23C545D6EC1D}.Debug|x86-Android-NVIDIA.ActiveCfg = Debug|x86-Android-NVIDIA
		{5024DADE-6C8F-4958-BFCB-23C545D6EC1D}.Debug|x86-Android-NVIDIA.Build.0 = Debug|x86-Android-NVIDIA
		{5024DADE-6C8F-4958-BFCB-23C545D6EC1D}.Debug|x86-Android-NVIDIA.Deploy.0 = Debug|x86-Android-NVIDIA
		{5024DADE-6C8F-4958-BFCB-23C545D6EC1D}.Debug|x64-Android-NVIDIA.ActiveCfg = Debug|x64-Android-NVIDIA
		{5024DADE-6C8F-4958-BFCB-23C545D6EC1D}.Debug|x64-Android-NVIDIA.Build.0 = Debug|x64-Android-NVIDIA
		{5024DADE-6C8F-4958-BFCB-23C545D6EC1D}.Debug|x64-Android-NVIDIA.Deploy.0 = Debug|x64-Android-NVIDIA
		{5024DADE-6C8F-4958-BFCB-23C545D6EC1D}.Release|AArch64-Android-NVIDIA.ActiveCfg = Release|AArch64-Android-NVIDIA
		{5024DADE-6C8F-4958-BFCB-23C545D6EC1D}.Release|AArch64-Android-NVIDIA.Build.0 = Release|AArch64-Android-NVIDIA
		{5024DADE-6C8F-4958-BFCB-23C545D6EC1D}.Release|AArch64-Android-NVIDIA.Deploy.0 = Release|AArch64-Android-NVIDIA
		{5024DADE-6C8F-4958-BFCB-23C545D6EC1D}.Release|ARM-Android-NVIDIA.ActiveCfg = Release|ARM-Android-NVIDIA
		{5024DADE-6C8F-4958-BFCB-23C545D6EC1D}.Release|ARM-Android-NVIDIA.Build.0 = Release|ARM-Android-NVIDIA
		{5024DADE-6C8F-4958-BFCB-23C545D6EC1D}.Release|ARM-Android-NVIDIA.Deploy.0 = Release|ARM-Android-NVIDIA
		{5024DADE-6C8F-4958-BFCB-23C545D6EC1D}.Release|x86-Android-NVIDIA.ActiveCfg = Release|x86-Android-NVIDIA
		{5024DADE-6C8F-4958-BFCB-23C545D6EC1D}.Release|x86-Android-NVIDIA.Build.0 = Release|x86-Android-NVIDIA
		{5024DADE-6C8F-4958-BFCB-23C545D6EC1D}.Release|x86-Android-NVIDIA.Deploy.0 = Release|x86-Android-NVIDIA
		{5024DADE-6C8F-4958-BFCB-23C545D6EC1D}.Release|x64-Android-NVIDIA.ActiveCfg = Release|x64-Android-NVIDIA
		{5024DADE-6C8F-4958-BFCB-23C545D6EC1D}.Release|x64-Android-NVIDIA.Build.0 = Release|x64-Android-NVIDIA
		{5024DADE-6C8F-4958-BFCB-23C545D6EC1D}.Release|x64-Android-NVIDIA.Deploy.0 = Release|x64-Android-NVIDIA
		{C3AD3294-E04D-42DE-BE70-87068BA76C53}.Debug|AArch64-Android-NVIDIA.ActiveCfg = Debug|AArch64-Android-NVIDIA
		{C3AD3294-E04D-42DE-BE70-87068BA76C53}.Debug|AArch64-Android-NVIDIA.Build.0 = Debug|AArch64-Android-NVIDIA
		{C3AD3294-E04D-42DE-BE70-87068BA76C53}.Debug|AArch64-Android-NVIDIA.Deploy.0 = Debug|AArch64-Android-NVIDIA
		{C3AD3294-E04D-42DE-BE70-87068BA76C53}.Debug|ARM-Android-NVIDIA.ActiveCfg = Debug|ARM-Android-NVIDIA
		{C3AD3294-E04D-42DE-BE70-87068BA76C53}.Debug|ARM-Android-NVIDIA.Build.0 = Debug|ARM-Android-NVIDIA
		{C3AD3294-E04D-42DE-BE70-87068BA76C53}.Debug|ARM-Android-NVIDIA.Deploy.0 = Debug|ARM-Android-NVIDIA
		{C3AD3294-E04D-42DE-BE70-87068BA76C53}.Debug|x86-Android-NVIDIA.ActiveCfg = Debug|x86-Android-NVIDIA
		{C3AD3294-E04D-42DE-BE70-87068BA76C53}.Debug|x86-Android-NVIDIA.Build.0 = Debug|x86-Android-NVIDIA
		{C3AD3294-E04D-42DE-BE70-87068BA76C53}.Debug|x86-Android-NVIDIA.Deploy.0 = Debug|x86-Android-NVIDIA
		{C3AD3294-E04D-42DE-BE70-87068BA76C53}.Debug|x64-Android-NVIDIA.ActiveCfg = Debug|x64-Android-NVIDIA
		{C3AD3294-E04D-42DE-BE70-87068BA76C53}.Debug|x64-Android-NVIDIA.Build.0 = Debug|x64-Android-NVIDIA
		{C3AD3294-E04D-42DE-BE70-87068BA76C53}.Debug|x64-Android-NVIDIA.Deploy.0 = Debug|x64-Android-NVIDIA
		{C3AD3294-E04D-42DE-BE70-87068BA76C53}.Release|AArch64-Android-NVIDIA.ActiveCfg = Release|AArch64-Android-NVIDIA
		{C3AD3294-E04D-42DE-BE70-87068BA76C53}.Release|AArch64-Android-NVIDIA.Build.0 = Release|AArch64-Android-NVIDIA
		{C3AD3294-E04D-42DE-BE70-87068BA76C53}.Release|AArch64-Android-NVIDIA.Deploy.0 = Release|AArch64-Android-NVIDIA
		{C3AD3294-E04D-42DE-BE70-87068BA76C53}.Release|ARM-Android-NVIDIA.ActiveCfg = Release|ARM-Android-NVIDIA
		{C3AD3294-E04D-42DE-BE70-87068BA76C53}.Release|ARM-Android-NVIDIA.Build.0 = Release|ARM-Android-NVIDIA
		{C3AD3294-E04D-42DE-BE70-87068BA76C53}.Release|ARM-Android-NVIDIA.Deploy.0 = Release|ARM-Android-NVIDIA
		{C3AD3294-E04D-42DE-BE70-87068BA76C53}.Release|x86-Android-NVIDIA.ActiveCfg = Release|x86-Android-NVIDIA
		{C3AD3294-E04D-42DE-BE70-87068BA76C53}.Release|x86-Android-NVIDIA.Build.0 = Release|x86-Android-NVIDIA
		{C3AD3294-E04D-42DE-BE70-87068BA76C53}.Release|x86-Android-NVIDIA.Deploy.0 = Release|x86-Android-NVIDIA
		{C3AD3294-E04D-42DE-BE70-87068BA76C53}.Release|x64-Android-NVIDIA.ActiveCfg = Release|x64-Android-NVIDIA
		{C3AD3294-E04D-42DE-BE70-87068BA76C53}.Release|x64-Android-NVIDIA.Build.0 = Release|x64-Android-NVIDIA
		{C3AD3294-E04D-42DE-BE70-87068BA76C53}.Release|x64-Android-NVIDIA.Deploy.0 = Release|x64-Android-NVIDIA
		{35D01986-A1C6-48ED-9249-7D850E347633}.Debug|AArch64-Android-NVIDIA.ActiveCfg = Debug|AArch64-Android-NVIDIA
		{35D01986-A1C6-48ED-9249-7D850E347633}.Debug|AArch64-Android-NVIDIA.Build.0 = Debug|AArch64-Android-NVIDIA
		{35D01986-A1C6-48ED-9249-7D850E347633}.Debug|AArch64-Android-NVIDIA.Deploy.0 = Debug|AArch64-Android-NVIDIA
		{35D01986-A1C6-48ED-9249-7D850E347633}.Debug|ARM-Android-NVIDIA.ActiveCfg = Debug|ARM-Android-NVIDIA
		{35D01986-A1C6-48ED-9249-7D850E347633}.Debug|ARM-Android-NVIDIA.Build.0 = Debug|ARM-Android-NVIDIA
		{35D01986-A1C6-48ED-9249-7D850E347633}.Debug|ARM-Android-NVIDIA.Deploy.0 = Debug|ARM-Android-NVIDIA
		{35D01986-A1C6-48ED-9249-7D850E347633}.Debug|x86-Android-NVIDIA.ActiveCfg = Debug|x86-Android-NVIDIA
		{35D01986-A1C6-48ED-9249-7D850E347633}.Debug|x86-Android-NVIDIA.Build.0 = Debug|x86-Android-NVIDIA
		{35D01986-A1C6-48ED-9249-7D850E347633}.Debug|x86-Android-NVIDIA.Deploy.0 = Debug|x86-Android-NVIDIA
		{35D01986-A1C6-48ED-9249-7D850E347633}.Debug|x64-Android-NVIDIA.ActiveCfg = Debug|x64-Android-NVIDIA
		{35D01986-A1C6-48ED-9249-7D850E347633}.Debug|x64-Android-NVIDIA.Build.0 = Debug|x64-Android-NVIDIA
		{35D01986-A1C6-48ED-9249-7D850E347633}.Debug|x64-Android-NVIDIA.Deploy.0 = Debug|x64-Android-NVIDIA
		{35D01986-A1C6-48ED-9249-7D850E347633}.Release|AArch64-Android-NVIDIA.ActiveCfg = Release|AArch64-Android-NVIDIA
		{35D01986-A1C6-48ED-9249-7D850E347633}.Release|AArch64-Android-NVIDIA.Build.0 = Release|AArch64-Android-NVIDIA
		{35D01986-A1C6-48ED-9249-7D850E347633}.Release|AArch64-Android-NVIDIA.Deploy.0 = Release|AArch64-Android-NVIDIA
		{35D01986-A1C6-48ED-9249-7D850E347633}.Release|ARM-Android-NVIDIA.ActiveCfg = Release|ARM-Android-NVIDIA
		{35D01986-A1C6-48ED-9249-7D850E347633}.Release|ARM-Android-NVIDIA.Build.0 = Release|ARM-Android-NVIDIA
		{35D01986-A1C6-48ED-9249-7D850E347633}.Release|ARM-Android-NVIDIA.Deploy.0 = Release|ARM-Android-NVIDIA
		{35D01986-A1C6-48ED-9249-7D850E347633}.Release|x86-Android-NVIDIA.ActiveCfg = Release|x86-Android-NVIDIA
		{35D01986-A1C6-48ED-9249-7D850E347633}.Release|x86-Android-NVIDIA.Build.0 = Release|x86-Android-NVIDIA
		{35D01986-A1C6-48ED-9249-7D850E347633}.Release|x86-Android-NVIDIA.Deploy.0 = Release|x86-Android-NVIDIA
		{35D01986-A1C6-48ED-9249-7D850E347633}.Release|x64-Android-NVIDIA.ActiveCfg = Release|x64-Android-NVIDIA
		{35D01986-A1C6-48ED-9249-7D850E347633}.Release|x64-Android-NVIDIA.Build.0 = Release|x64-Android-NVIDIA
		{35D01986-A1C6-48ED-9249-7D850E347633}.Release|x64-Android-NVIDIA.Deploy.0 = Release|x64-Android-NVIDIA
		{215ABB21-6175-480C-A929-22959D8B74E3}.Debug|AArch64-Android-NVIDIA.ActiveCfg = Debug|AArch64-Android-NVIDIA
		{215ABB21-6175-480C-A929-22959D8B74E3}.Debug|AArch64-Android-NVIDIA.Build.0 = Debug|AArch64-Android-NVIDIA
		{215ABB21-6175-480C-A929-22959D8B74E3}.Debug|AArch64-Android-NVIDIA.Deploy.0 = Debug|AArch64-Android-NVIDIA
		{215ABB21-6175-480C-A929-22959D8B74E3}.Debug|ARM-Android-NVIDIA.ActiveCfg = Debug|ARM-Android-NVIDIA
		{215ABB21-6175-480C-A929-22959D8B74E3}.Debug|ARM-Android-NVIDIA.Build.0 = Debug|ARM-Android-NVIDIA
		{215ABB21-6175-480C-A929-22959D8B74E3}.Debug|ARM-Android-NVIDIA.Deploy.0 = Debug|ARM-Android-NVIDIA
		{215ABB21-6175-480C-A929-22959D8B74E3}.Debug|x86-Android-NVIDIA.ActiveCfg = Debug|x86-Android-NVIDIA
		{215ABB21-6175-480C-A929-22959D8B74E3}.Debug|x86-Android-NVIDIA.Build.0 = Debug|x86-Android-NVIDIA
		{215ABB21-6175-480C-A929-22959D8B74E3}.Debug|x86-Android-NVIDIA.Deploy.0 = Debug|x86-Android-NVIDIA
		{215ABB21-6175-480C-A929-22959D8B74E3}.Debug|x64-Android-NVIDIA.ActiveCfg = Debug|x64-Android-NVIDIA
		{215ABB21-6175-480C-A929-22959D8B74E3}.Debug|x64-Android-NVIDIA.Build.0 = Debug|x64-Android-NVIDIA
		{215ABB21-6175-480C-A929-22959D8B74E3}.Debug|x64-Android-NVIDIA.Deploy.0 = Debug|x64-Android-NVIDIA
		{215ABB21-6175-480C-A929-22959D8B74E3}.Release|AArch64-Android-NVIDIA.ActiveCfg = Release|AArch64-Android-NVIDIA
		{215ABB21-6175-480C-A929-22959D8B74E3}.Release|AArch64-Android-NVIDIA.Build.0 = Release|AArch64-Android-NVIDIA
		{215ABB21-6175-480C-A929-22959D8B74E3}.Release|AArch64-Android-NVIDIA.Deploy.0 = Release|AArch64-Android-NVIDIA
		{215ABB21-6175-480C-A929-22959D8B74E3}.Release|ARM-Android-NVIDIA.ActiveCfg = Release|ARM-Android-NVIDIA
		{215ABB21-6175-480C-A929-22959D8B74E3}.Release|ARM-Android-NVIDIA.Build.0 = Release|ARM-Android-NVIDIA
		{215ABB21-6175-480C-A929-22959D8B74E3}.Release|ARM-Android-NVIDIA.Deploy.0 = Release|ARM-Android-NVIDIA
		{215ABB21-6175-480C-A929-22959D8B74E3}.Release|x86-Android-NVIDIA.ActiveCfg = Release|x86-Android-NVIDIA
		{215ABB21-6175-480C-A929-22959D8B74E3}.Release|x86-Android-NVIDIA.Build.0 = Release|x86-Android-NVIDIA
		{215ABB21-6175-480C-A929-22959D8B74E3}.Release|x86-Android-NVIDIA.Deploy.0 = Release|x86-Android-NVIDIA
		{215ABB21-6175-480C-A929-22959D8B74E3}.Release|x64-Android-NVIDIA.ActiveCfg = Release|x64-Android-NVIDIA
		{215ABB21-6175-480C-A929-22959D8B74E3}.Release|x64-Android-NVIDIA.Build.0 = Release|x64-Android-NVIDIA
		{215ABB21-6175-480C-A929-22959D8B74E3}.Release|x64-Android-NVIDIA.Deploy.0 = Release|x64-Android-NVIDIA
		{5E0EE659-AA96-4EB6-8368-151F62267EDE}.Debug|AArch64-Android-NVIDIA.ActiveCfg = Debug|AArch64-Android-NVIDIA
		{5E0EE659-AA96-4EB6-8368-151F62267EDE}.Debug|AArch64-Android-NVIDIA.Build.0 = Debug|AArch64-Android-NVIDIA
		{5E0EE659-AA96-4EB6-8368-151F62267EDE}.Debug|AArch64-Android-NVIDIA.Deploy.0 = Debug|AArch64-Android-NVIDIA
		{5E0EE659-AA96-4EB6-8368-151F62267EDE}.Debug|ARM-Android-NVIDIA.ActiveCfg = Debug|ARM-Android-NVIDIA
		{5E0EE659-AA96-4EB6-8368-151F62267EDE}.Debug|ARM-Android-NVIDIA.Build.0 = Debug|ARM-Android-NVIDIA
		{5E0EE659-AA96-4EB6-8368-151F62267EDE}.Debug|ARM-Android-NVIDIA.Deploy.0 = Debug|ARM-Android-NVIDIA
		{5E0EE659-AA96-4EB6-8368-151F62267EDE}.Debug|x86-Android-NVIDIA.ActiveCfg = Debug|x86-Android-NVIDIA
		{5E0EE659-AA96-4EB6-8368-151F62267EDE}.Debug|x86-Android-NVIDIA.Build.0 = Debug|x86-Android-NVIDIA
		{5E0EE659-AA96-4EB6-8368-151F62267EDE}.Debug|x86-Android-NVIDIA.Deploy.0 = Debug|x86-Android-NVIDIA
		{5E0EE659-AA96-4EB6-8368-151F62267EDE}.Debug|x64-Android-NVIDIA.ActiveCfg = Debug|x64-Android-NVIDIA
		{5E0EE659-AA96-4EB6-8368-151F62267EDE}.Debug|x64-Android-NVIDIA.Build.0 = Debug|x64-Android-NVIDIA
		{5E0EE659-AA96-4EB6-8368-151F62267EDE}.Debug|x64-Android-NVIDIA.Deploy.0 = Debug|x64-Android-NVIDIA
		{5E0EE659-AA96-4EB6-8368-151F62267EDE}.Release|AArch64-Android-NVIDIA.ActiveCfg = Release|AArch64-Android-NVIDIA
		{5E0EE659-AA96-4EB6-8368-151F62267EDE}.Release|AArch64-Android-NVIDIA.Build.0 = Release|AArch64-Android-NVIDIA
		{5E0EE659-AA96-4EB6-8368-151F62267EDE}.Release|AArch64-Android-NVIDIA.Deploy.0 = Release|AArch64-Android-NVIDIA
		{5E0EE659-AA96-4EB6-8368-151F62267EDE}.Release|ARM-Android-NVIDIA.ActiveCfg = Release|ARM-Android-NVIDIA
		{5E0EE659-AA96-4EB6-8368-151F62267EDE}.Release|ARM-Android-NVIDIA.Build.0 = Release|ARM-Android-NVIDIA
		{5E0EE659-AA96-4EB6-8368-151F62267EDE}.Release|ARM-Android-NVIDIA.Deploy.0 = Release|ARM-Android-NVIDIA
		{5E0EE659-AA96-4EB6-8368-151F62267EDE}.Release|x86-Android-NVIDIA.ActiveCfg = Release|x86-Android-NVIDIA
		{5E0EE659-AA96-4EB6-8368-151F62267EDE}.Release|x86-Android-NVIDIA.Build.0 = Release|x86-Android-NVIDIA
		{5E0EE659-AA96-4EB6-8368-151F62267EDE}.Release|x86-Android-NVIDIA.Deploy.0 = Release|x86-Android-NVIDIA
		{5E0EE659-AA96-4EB6-8368-151F62267EDE}.Release|x64-Android-NVIDIA.ActiveCfg = Release|x64-Android-NVIDIA
		{5E0EE659-AA96-4EB6-8368-151F62267EDE}.Release|x64-Android-NVIDIA.Build.0 = Release|x64-Android-NVIDIA
		{5E0EE659-AA96-4EB6-8368-151F62267EDE}.Release|x64-Android-NVIDIA.Deploy.0 = Release|x64-Android-NVIDIA
		{5D3E9016-879E-4768-80F0-92E9CA8F440C}.Debug|AArch64-Android-NVIDIA.ActiveCfg = Debug|AArch64-Android-NVIDIA
		{5D3E9016-879E-4768-80F0-92E9CA8F440C}.Debug|AArch64-Android-NVIDIA.Build.0 = Debug|AArch64-Android-NVIDIA
		{5D3E9016-879E-4768-80F0-92E9CA8F440C}.Debug|AArch64-Android-NVIDIA.Deploy.0 = Debug|AArch64-Android-NVIDIA
		{5D3E9016-879E-4768-80F0-92E9CA8F440C}.Debug|ARM-Android-NVIDIA.ActiveCfg = Debug|ARM-Android-NVIDIA
		{5D3E9016-879E-4768-80F0-92E9CA8F440C}.Debug|ARM-Android-NVIDIA.Build.0 = Debug|ARM-Android-NVIDIA
		{5D3E9016-879E-4768-80F0-92E9CA8F440C}.Debug|ARM-Android-NVIDIA.Deploy.0 = Debug|ARM-Android-NVIDIA
		{5D3E9016-879E-4768-80F0-92E9CA8F440C}.Debug|x86-Android-NVIDIA.ActiveCfg = Debug|x86-Android-NVIDIA
		{5D3E9016-879E-4768-80F0-92E9CA8F440C}.Debug|x86-Android-NVIDIA.Build.0 = Debug|x86-Android-NVIDIA
		{5D3E9016-879E-4768-80F0-92E9CA8F440C}.Debug|x86-Android-NVIDIA.Deploy.0 = Debug|x86-Android-NVIDIA
		{5D3E9016-879E-4768-80F0-92E9CA8F440C}.Debug|x64-Android-NVIDIA.ActiveCfg = Debug|x64-Android-NVIDIA
		{5D3E9016-879E-4768-80F0-92E9CA8F440C}.Debug|x64-Android-NVIDIA.Build.0 = Debug|x64-Android-NVIDIA
		{5D3E9016-879E-4768-80F0-92E9CA8F440C}.Debug|x64-Android-NVIDIA.Deploy.0 = Debug|x64-Android-NVIDIA
		{5D3E9016-879E-4768-80F0-92E9CA8F440C}.Release|AArch64-Android-NVIDIA.ActiveCfg = Release|AArch64-Android-NVIDIA
		{5D3E9016-879E-4768-80F0-92E9CA8F440C}.Release|AArch64-Android-NVIDIA.Build.0 = Release|AArch64-Android-NVIDIA
		{5D3E9016-879E-4768-80F0-92E9CA8F440C}.Release|AArch64-Android-NVIDIA.Deploy.0 = Release|AArch64-Android-NVIDIA
		{5D3E9016-879E-4768-80F0-92E9CA8F440C}.Release|ARM-Android-NVIDIA.ActiveCfg = Release|ARM-Android-NVIDIA
		{5D3E9016-879E-4768-80F0-92E9CA8F440C}.Release|ARM-Android-NVIDIA.Build.0 = Release|ARM-Android-NVIDIA
		{5D3E9016-879E-4768-80F0-92E9CA8F440C}.Release|ARM-Android-NVIDIA.Deploy.0 = Release|ARM-Android-NVIDIA
		{5D3E9016-879E-4768-80F0-92E9CA8F440C}.Release|x86-Android-NVIDIA.ActiveCfg = Release|x86-Android-NVIDIA
		{5D3E9016-879E-4768-80F0-92E9CA8F440C}.Release|x86-Android-NVIDIA.Build.0 = Release|x86-Android-NVIDIA
		{5D3E9016-879E-4768-80F0-92E9CA8F440C}.Release|x86-Android-NVIDIA.Deploy.0 = Release|x86-Android-NVIDIA
		{5D3E9016-879E-4768-80F0-92E9CA8F440C}.Release|x64-Android-NVIDIA.ActiveCfg = Release|x64-Android-NVIDIA
		{5D3E9016-879E-4768-80F0-92E9CA8F440C}.Release|x64-Android-NVIDIA.Build.0 = Release|x64-Android-NVIDIA
		{5D3E9016-879E-4768-80F0-92E9CA8F440C}.Release|x64-Android-NVIDIA.Deploy.0 = Release|x64-Android-NVIDIA
		{63809F71-5721-4592-ABF9-D107B0E99F56}.Debug|AArch64-Android-NVIDIA.ActiveCfg = Debug|AArch64-Android-NVIDIA
		{63809F71-5721-4592-ABF9-D107B0E99F56}.Debug|AArch64-Android-NVIDIA.Build.0 = Debug|AArch64-Android-NVIDIA
		{63809F71-5721-4592-ABF9-D107B0E99F56}.Debug|AArch64-Android-NVIDIA.Deploy.0 = Debug|AArch64-Android-NVIDIA
		{63809F71-5721-4592-ABF9-D107B0E99F56}.Debug|ARM-Android-NVIDIA.ActiveCfg = Debug|ARM-Android-NVIDIA
		{63809F71-5721-4592-ABF9-D107B0E99F56}.Debug|ARM-Android-NVIDIA.Build.0 = Debug|ARM-Android-NVIDIA
		{63809F71-5721-4592-ABF9-D107B0E99F56}.Debug|ARM-Android-NVIDIA.Deploy.0 = Debug|ARM-Android-NVIDIA
		{63809F71-5721-4592-ABF9-D107B0E99F56}.Debug|x86-Android-NVIDIA.ActiveCfg = Debug|x86-Android-NVIDIA
		{63809F71-5721-4592-ABF9-D107B0E99F56}.Debug|x86-Android-NVIDIA.Build.0 = Debug|x86-Android-NVIDIA
		{63809F71-5721-4592-ABF9-D107B0E99F56}.Debug|x86-Android-NVIDIA.Deploy.0 = Debug|x86-Android-NVIDIA
		{63809F71-5721-4592-ABF9-D107B0E99F56}.Debug|x64-Android-NVIDIA.ActiveCfg = Debug|x64-Android-NVIDIA
		{63809F71-5721-4592-ABF9-D107B0E99F56}.Debug|x64-Android-NVIDIA.Build.0 = Debug|x64-Android-NVIDIA
		{63809F71-5721-4592-ABF9-D107B0E99F56}.Debug|x64-Android-NVIDIA.Deploy.0 = Debug|x64-Android-NVIDIA
		{63809F71-5721-4592-ABF9-D107B0E99F56}.Release|AArch64-Android-NVIDIA.ActiveCfg = Release|AArch64-Android-NVIDIA
		{63809F71-5721-4592-ABF9-D107B0E99F56}.Release|AArch64-Android-NVIDIA.Build.0 = Release|AArch64-Android-NVIDIA
		{63809F71-5721-4592-ABF9-D107B0E99F56}.Release|AArch64-Android-NVIDIA.Deploy.0 = Release|AArch64-Android-NVIDIA
		{63809F71-5721-4592-ABF9-D107B0E99F56}.Release|ARM-Android-NVIDIA.ActiveCfg = Release|ARM-Android-NVIDIA
		{63809F71-5721-4592-ABF9-D107B0E99F56}.Release|ARM-Android-NVIDIA.Build.0 = Release|ARM-Android-NVIDIA
		{63809F71-5721-4592-ABF9-D107B0E99F56}.Release|ARM-Android-NVIDIA.Deploy.0 = Release|ARM-Android-NVIDIA
		{63809F71-5721-4592-ABF9-D107B0E99F56}.Release|x86-Android-NVIDIA.ActiveCfg = Release|x86-Android-NVIDIA
		{63809F71-5721-4592-ABF9-D107B0E99F56}.Release|x86-Android-NVIDIA.Build.0 = Release|x86-Android-NVIDIA
		{63809F71-5721-4592-ABF9-D107B0E99F56}.Release|x86-Android-NVIDIA.Deploy.0 = Release|x86-Android-NVIDIA
		{63809F71-5721-4592-ABF9-D107B0E99F56}.Release|x64-Android-NVIDIA.ActiveCfg = Release|x64-Android-NVIDIA
		{63809F71-5721-4592-ABF9-D107B0E99F56}.Release|x64-Android-NVIDIA.Build.0 = Release|x64-Android-NVIDIA
		{63809F71-5721-4592-ABF9-D107B0E99F56}.Release|x64-Android-NVIDIA.Deploy.0 = Release|x64-Android-NVIDIA
		{9BD77B52-3756-4E75-8DE9-14C7189682CC}.Debug|AArch64-Android-NVIDIA.ActiveCfg = Debug|AArch64-Android-NVIDIA
		{9BD77B52-3756-4E75-8DE9-14C7189682CC}.Debug|AArch64-Android-NVIDIA.Build.0 = Debug|AArch64-Android-NVIDIA
		{9BD77B52-3756-4E75-8DE9-14C7189682CC}.Debug|AArch64-Android-NVIDIA.Deploy.0 = Debug|AArch64-Android-NVIDIA
		{9BD77B52-3756-4E75-8DE9-14C7189682CC}.Debug|ARM-Android-NVIDIA.ActiveCfg = Debug|ARM-Android-NVIDIA
		{9BD77B52-3756-4E75-8DE9-14C7189682CC}.Debug|ARM-Android-NVIDIA.Build.0 = Debug|ARM-Android-NVIDIA
		{9BD77B52-3756-4E75-8DE9-14C7189682CC}.Debug|ARM-Android-NVIDIA.Deploy.0 = Debug|ARM-Android-NVIDIA
		{9BD77B52-3756-4E75-8DE9-14C7189682CC}.Debug|x86-Android-NVIDIA.ActiveCfg = Debug|x86-Android-NVIDIA
		{9BD77B52-3756-4E75-8DE9-14C7189682CC}.Debug|x86-Android-NVIDIA.Build.0 = Debug|x86-Android-NVIDIA
		{9BD77B52-3756-4E75-8DE9-14C7189682CC}.Debug|x86-Android-NVIDIA.Deploy.0 = Debug|x86-Android-NVIDIA
		{9BD77B52-3756-4E75-8DE9-14C7189682CC}.Debug|x64-Android-NVIDIA.ActiveCfg = Debug|x64-Android-NVIDIA
		{9BD77B52-3756-4E75-8DE9-14C7189682CC}.Debug|x64-Android-NVIDIA.Build.0 = Debug|x64-Android-NVIDIA
		{9BD77B52-3756-4E75-8DE9-14C7189682CC}.Debug|x64-Android-NVIDIA.Deploy.0 = Debug|x64-Android-NVIDIA
		{9BD77B52-3756-4E75-8DE9-14C7189682CC}.Release|AArch64-Android-NVIDIA.ActiveCfg = Release|AArch64-Android-NVIDIA
		{9BD77B52-3756-4E75-8DE9-14C7189682CC}.Release|AArch64-Android-NVIDIA.Build.0 = Release|AArch64-Android-NVIDIA
		{9BD77B52-3756-4E75-8DE9-14C7189682CC}.Release|AArch64-Android-NVIDIA.Deploy.0 = Release|AArch64-Android-NVIDIA
		{9BD77B52-3756-4E75-8DE9-14C7189682CC}.Release|ARM-Android-NVIDIA.ActiveCfg = Release|ARM-Android-NVIDIA
		{9BD77B52-3756-4E75-8DE9-14C7189682CC}.Release|ARM-Android-NVIDIA.Build.0 = Release|ARM-Android-NVIDIA
		{9BD77B52-3756-4E75-8DE9-14C7189682CC}.Release|ARM-Android-NVIDIA.Deploy.0 = Release|ARM-Android-NVIDIA
		{9BD77B52-3756-4E75-8DE9-14C7189682CC}.Release|x86-Android-NVIDIA.ActiveCfg = Release|x86-Android-NVIDIA
		{9BD77B52-3756-4E75-8DE9-14C7189682CC}.Release|x86-Android-NVIDIA.Build.0 = Release|x86-Android-NVIDIA
		{9BD77B52-3756-4E75-8DE9-14C7189682CC}.Release|x86-Android-NVIDIA.Deploy.0 = Release|x86-Android-NVIDIA
		{9BD77B52-3756-4E75-8DE9-14C7189682CC}.Release|x64-Android-NVIDIA.ActiveCfg = Release|x64-Android-NVIDIA
		{9BD77B52-3756-4E75-8DE9-14C7189682CC}.Release|x64-Android-NVIDIA.Build.0 = Release|x64-Android-NVIDIA
		{9BD77B52-3756-4E75-8DE9-14C7189682CC}.Release|x64-Android-NVIDIA.Deploy.0 = Release|x64-Android-NVIDIA
		{88D346F9-633C-4975-881D-4BBFB3419B6D}.Debug|AArch64-Android-NVIDIA.ActiveCfg = Debug|AArch64-Android-NVIDIA
		{88D346F9-633C-4975-881D-4BBFB3419B6D}.Debug|AArch64-Android-NVIDIA.Build.0 = Debug|AArch64-Android-NVIDIA
		{88D346F9-633C-4975-881D-4BBFB3419B6D}.Debug|AArch64-Android-NVIDIA.Deploy.0 = Debug|AArch64-Android-NVIDIA
		{88D346F9-633C-4975-881D-4BBFB3419B6D}.Debug|ARM-Android-NVIDIA.ActiveCfg = Debug|ARM-Android-NVIDIA
		{88D346F9-633C-4975-881D-4BBFB3419B6D}.Debug|ARM-Android-NVIDIA.Build.0 = Debug|ARM-Android-NVIDIA
		{88D346F9-633C-4975-881D-4BBFB3419B6D}.Debug|ARM-Android-NVIDIA.Deploy.0 = Debug|ARM-Android-NVIDIA
		{88D346F9-633C-4975-881D-4BBFB3419B6D}.Debug|x86-Android-NVIDIA.ActiveCfg = Debug|x86-Android-NVIDIA
		{88D346F9-633C-4975-881D-4BBFB3419B6D}.Debug|x86-Android-NVIDIA.Build.0 = Debug|x86-Android-NVIDIA
		{88D346F9-633C-4975-881D-4BBFB3419B6D}.Debug|x86-Android-NVIDIA.Deploy.0 = Debug|x86-Android-NVIDIA
		{88D346F9-633C-4975-881D-4BBFB3419B6D}.Debug|x64-Android-NVIDIA.ActiveCfg = Debug|x64-Android-NVIDIA
		{88D346F9-633C-4975-881D-4BBFB3419B6D}.Debug|x64-Android-NVIDIA.Build.0 = Debug|x64-Android-NVIDIA
		{88D346F9-633C-4975-881D-4BBFB3419B6D}.Debug|x64-Android-NVIDIA.Deploy.0 = Debug|x64-Android-NVIDIA
		{88D346F9-633C-4975-881D-4BBFB3419B6D}.Release|AArch64-Android-NVIDIA.ActiveCfg = Release|AArch64-Android-NVIDIA
		{88D346F9-633C-4975-881D-4BBFB3419B6D}.Release|AArch64-Android-NVIDIA.Build.0 = Release|AArch64-Android-NVIDIA
		{88D346F9-633C-4975-881D-4BBFB3419B6D}.Release|AArch64-Android-NVIDIA.Deploy.0 = Release|AArch64-Android-NVIDIA
		{88D346F9-633C-4975-881D-4BBFB3419B6D}.Release|ARM-Android-NVIDIA.ActiveCfg = Release|ARM-Android-NVIDIA
		{88D346F9-633C-4975-881D-4BBFB3419B6D}.Release|ARM-Android-NVIDIA.Build.0 = Release|ARM-Android-NVIDIA
		{88D346F9-633C-4975-881D-4BBFB3419B6D}.Release|ARM-Android-NVIDIA.Deploy.0 = Release|ARM-Android-NVIDIA
		{88D346F9-633C-4975-881D-4BBFB3419B6D}.Release|x86-Android-NVIDIA.ActiveCfg = Release|x86-Android-NVIDIA
		{88D346F9-633C-4975-881D-4BBFB3419B6D}.Release|x86-Android-NVIDIA.Build.0 = Release|x86-Android-NVIDIA
		{88D346F9-633C-4975-881D-4BBFB3419B6D}.Release|x86-Android-NVIDIA.Deploy.0 = Release|x86-Android-NVIDIA
		{88D346F9-633C-4975-881D-4BBFB3419B6D}.Release|x64-Android-NVIDIA.ActiveCfg = Release|x64-Android-NVIDIA
		{88D346F9-633C-4975-881D-4BBFB3419B6D}.Release|x64-Android-NVIDIA.Build.0 = Release|x64-Android-NVIDIA
		{88D346F9-633C-4975-881D-4BBFB3419B6D}.Release|x64-Android-NVIDIA.Deploy.0 = Release|x64-Android-NVIDIA
		{E1E17C2D-1CCE-4C11-A4A1-857F38A91D0E}.Debug|AArch64-Android-NVIDIA.ActiveCfg = Debug|AArch64-Android-NVIDIA
		{E1E17C2D-1CCE-4C11-A4A1-857F38A91D0E}.Debug|AArch64-Android-NVIDIA.Build.0 = Debug|AArch64-Android-NVIDIA
		{E1E17C2D-1CCE-4C11-A4A1-857F38A91D0E}.Debug|AArch64-Android-NVIDIA.Deploy.0 = Debug|AArch64-Android-NVIDIA
		{E1E17C2D-1CCE-4C11-A4A1-857F38A91D0E}.Debug|ARM-Android-NVIDIA.ActiveCfg = Debug|ARM-Android-NVIDIA
		{E1E17C2D-1CCE-4C11-A4A1-857F38A91D0E}.Debug|ARM-Android-NVIDIA.Build.0 = Debug|ARM-Android-NVIDIA
		{E1E17C2D-1CCE-4C11-A4A1-857F38A91D0E}.Debug|ARM-Android-NVIDIA.Deploy.0 = Debug|ARM-Android-NVIDIA
		{E1E17C2D-1CCE-4C11-A4A1-857F38A91D0E}.Debug|x86-Android-NVIDIA.ActiveCfg = Debug|x86-Android-NVIDIA
		{E1E17C2D-1CCE-4C11-A4A1-857F38A91D0E}.Debug|x86-Android-NVIDIA.Build.0 = Debug|x86-Android-NVIDIA
		{E1E17C2D-1CCE-4C11-A4A1-857F38A91D0E}.Debug|x86-Android-NVIDIA.Deploy.0 = Debug|x86-Android-NVIDIA
		{E1E17C2D-1CCE-4C11-A4A1-857F38A91D0E}.Debug|x64-Android-NVIDIA.ActiveCfg = Debug|x64-Android-NVIDIA
		{E1E17C2D-1CCE-4C11-A4A1-857F38A91D0E}.Debug|x64-Android-NVIDIA.Build.0 = Debug|x64-Android-NVIDIA
		{E1E17C2D-1CCE-4C11-A4A1-857F38A91D0E}.Debug|x64-Android-NVIDIA.Deploy.0 = Debug|x64-Android-NVIDIA
		{E1E17C2D-1CCE-4C11-A4A1-857F38A91D0E}.Release|AArch64-Android-NVIDIA.ActiveCfg = Release|AArch64-Android-NVIDIA
		{E1E17C2D-1CCE-4C11-A4A1-857F38A91D0E}.Release|AArch64-Android-NVIDIA.Build.0 = Release|AArch64-Android-NVIDIA
		{E1E17C2D-1CCE-4C11-A4A1-857F38A91D0E}.Release|AArch64-Android-NVIDIA.Deploy.0 = Release|AArch64-Android-NVIDIA
		{E1E17C2D-1CCE-4C11-A4A1-857F38A91D0E}.Release|ARM-Android-NVIDIA.ActiveCfg = Release|ARM-Android-NVIDIA
		{E1E17C2D-1CCE-4C11-A4A1-857F38A91D0E}.Release|ARM-Android-NVIDIA.Build.0 = Release|ARM-Android-NVIDIA
		{E1E17C2D-1CCE-4C11-A4A1-857F38A91D0E}.Release|ARM-Android-NVIDIA.Deploy.0 = Release|ARM-Android-NVIDIA
		{E1E17C2D-1CCE-4C11-A4A1-857F38A91D0E}.Release|x86-Android-NVIDIA.ActiveCfg = Release|x86-Android-NVIDIA
		{E1E17C2D-1CCE-4C11-A4A1-857F38A91D0E}.Release|x86-Android-NVIDIA.Build.0 = Release|x86-Android-NVIDIA
		{E1E17C2D-1CCE-4C11-A4A1-857F38A91D0E}.Release|x86-Android-NVIDIA.Deploy.0 = Release|x86-Android-NVIDIA
		{E1E17C2D-1CCE-4C11-A4A1-857F38A91D0E}.Release|x64-Android-NVIDIA.ActiveCfg = Release|x64-Android-NVIDIA
		{E1E17C2D-1CCE-4C11-A4A1-857F38A91D0E}.Release|x64-Android-NVIDIA.Build.0 = Release|x64-Android-NVIDIA
		{E1E17C2D-1CCE-4C11-A4A1-857F38A91D0E}.Release|x64-Android-NVIDIA.Deploy.0 = Release|x64-Android-NVIDIA
		{215A4E0F-92A7-4729-B5B9-F22D4DDF396A}.Debug|AArch64-Android-NVIDIA.ActiveCfg = Debug|AArch64-Android-NVIDIA
		{215A4E0F-92A7-4729-B5B9-F22D4DDF396A}.Debug|AArch64-Android-NVIDIA.Build.0 = Debug|AArch64-Android-NVIDIA
		{215A4E0F-92A7-4729-B5B9-F22D4DDF396A}.Debug|AArch64-Android-NVIDIA.Deploy.0 = Debug|AArch64-Android-NVIDIA
		{215A4E0F-92A7-4729-B5B9-F22D4DDF396A}.Debug|ARM-Android-NVIDIA.ActiveCfg = Debug|ARM-Android-NVIDIA
		{215A4E0F-92A7-4729-B5B9-F22D4DDF396A}.Debug|ARM-Android-NVIDIA.Build.0 = Debug|ARM-Android-NVIDIA
		{215A4E0F-92A7-4729-B5B9-F22D4DDF396A}.Debug|ARM-Android-NVIDIA.Deploy.0 = Debug|ARM-Android-NVIDIA
		{215A4E0F-92A7-4729-B5B9-F22D4DDF396A}.Debug|x86-Android-NVIDIA.ActiveCfg = Debug|x86-Android-NVIDIA
		{215A4E0F-92A7-4729-B5B9-F22D4DDF396A}.Debug|x86-Android-NVIDIA.Build.0 = Debug|x86-Android-NVIDIA
		{215A4E0F-92A7-4729-B5B9-F22D4DDF396A}.Debug|x86-Android-NVIDIA.Deploy.0 = Debug|x86-Android-NVIDIA
		{215A4E0F-92A7-4729-B5B9-F22D4DDF396A}.Debug|x64-Android-NVIDIA.ActiveCfg = Debug|x64-Android-NVIDIA
		{215A4E0F-92A7-4729-B5B9-F22D4DDF396A}.Debug|x64-Android-NVIDIA.Build.0 = Debug|x64-Android-NVIDIA
		{215A4E0F-92A7-4729-B5B9-F22D4DDF396A}.Debug|x64-Android-NVIDIA.Deploy.0 = Debug|x64-Android-NVIDIA
		{215A4E0F-92A7-4729-B5B9-F22D4DDF396A}.Release|AArch64-Android-NVIDIA.ActiveCfg = Release|AArch64-Android-NVIDIA
		{215A4E0F-92A7-4729-B5B9-F22D4DDF396A}.Release|AArch64-Android-NVIDIA.Build.0 = Release|AArch64-Android-NVIDIA
		{215A4E0F-92A7-4729-B5B9-F22D4DDF396A}.Release|AArch64-Android-NVIDIA.Deploy.0 = Release|AArch64-Android-NVIDIA
		{215A4E0F-92A7-4729-B5B9-F22D4DDF396A}.Release|ARM-Android-NVIDIA.ActiveCfg = Release|ARM-Android-NVIDIA
		{215A4E0F-92A7-4729-B5B9-F22D4DDF396A}.Release|ARM-Android-NVIDIA.Build.0 = Release|ARM-Android-NVIDIA
		{215A4E0F-92A7-4729-B5B9-F22D4DDF396A}.Release|ARM-Android-NVIDIA.Deploy.0 = Release|ARM-Android-NVIDIA
		{215A4E0F-92A7-4729-B5B9-F22D4DDF396A}.Release|x86-Android-NVIDIA.ActiveCfg = Release|x86-Android-NVIDIA
		{215A4E0F-92A7-4729-B5B9-F22D4DDF396A}.Release|x86-Android-NVIDIA.Build.0 = Release|x86-Android-NVIDIA
		{215A4E0F-92A7-4729-B5B9-F22D4DDF396A}.Release|x86-Android-NVIDIA.Deploy.0 = Release|x86-Android-NVIDIA
		{215A4E0F-92A7-4729-B5B9-F22D4DDF396A}.Release|x64-Android-NVIDIA.ActiveCfg = Release|x64-Android-NVIDIA
		{215A4E0F-92A7-4729-B5B9-F22D4DDF396A}.Release|x64-Android-NVIDIA.Build.0 = Release|x64-Android-NVIDIA
		{215A4E0F-92A7-4729-B5B9-F22D4DDF396A}.Release|x64-Android-NVIDIA.Deploy.0 = Release|x64-Android-NVIDIA
	EndGlobalSection
	GlobalSection(SolutionProperties) = preSolution
		HideSolutionNode = FALSE
	EndGlobalSection
EndGlobal
