
Microsoft Visual Studio Solution File, Format Version 11.00
# Visual Studio 2010
Project("{8BC9CEB8-8B4A-11D0-8D11-00A0C91BC942}") = "3d", "3d.vcxproj", "{4A84A38E-F073-4644-822E-483484894A50}"
EndProject
Project("{8BC9CEB8-8B4A-11D0-8D11-00A0C91BC942}") = "3d_multi", "3d_multi.vcxproj", "{0480203D-AF30-4655-B8A5-D448DD158C62}"
EndProject
Project("{8BC9CEB8-8B4A-11D0-8D11-00A0C91BC942}") = "event_parameter", "event_parameter.vcxproj", "{E78A8E85-D039-49AA-9061-DCAA51D98C9D}"
EndProject
Project("{8BC9CEB8-8B4A-11D0-8D11-00A0C91BC942}") = "load_banks", "load_banks.vcxproj", "{7BAEB23E-D01F-4919-A7E3-4B402166DC0B}"
EndProject
Project("{8BC9CEB8-8B4A-11D0-8D11-00A0C91BC942}") = "music_callbacks", "music_callbacks.vcxproj", "{ACE925E3-C21F-4088-9CC9-419CAF08CC11}"
EndProject
Project("{8BC9CEB8-8B4A-11D0-8D11-00A0C91BC942}") = "objectpan", "objectpan.vcxproj", "{65F84BB2-AB13-4D8B-A2BB-DEF268632835}"
EndProject
Project("{8BC9CEB8-8B4A-11D0-8D11-00A0C91BC942}") = "programmer_sound", "programmer_sound.vcxproj", "{F9AC0B45-0512-4C6E-B22A-68361B0125F7}"
EndProject
Project("{8BC9CEB8-8B4A-11D0-8D11-00A0C91BC942}") = "recording_playback", "recording_playback.vcxproj", "{876F36E6-EAE0-427C-91E6-0B1218C669C6}"
EndProject
Project("{8BC9CEB8-8B4A-11D0-8D11-00A0C91BC942}") = "simple_event", "simple_event.vcxproj", "{82443B5E-69F2-4466-B3BE-AEB6CEDD6EA9}"
EndProject
Global
	GlobalSection(SolutionConfigurationPlatforms) = preSolution
		Debug|AArch64-Android-NVIDIA = Debug|AArch64-Android-NVIDIA
		Debug|ARM-Android-NVIDIA = Debug|ARM-Android-NVIDIA
		Debug|x86-Android-NVIDIA = Debug|x86-Android-NVIDIA
		Debug|x64-Android-NVIDIA = Debug|x64-Android-NVIDIA
		Release|AArch64-Android-NVIDIA = Release|AArch64-Android-NVIDIA
		Release|ARM-Android-NVIDIA = Release|ARM-Android-NVIDIA
		Release|x86-Android-NVIDIA = Release|x86-Android-NVIDIA
		Release|x64-Android-NVIDIA = Release|x64-Android-NVIDIA
	EndGlobalSection
	GlobalSection(ProjectConfigurationPlatforms) = postSolution
		{4A84A38E-F073-4644-822E-483484894A50}.Debug|AArch64-Android-NVIDIA.ActiveCfg = Debug|AArch64-Android-NVIDIA
		{4A84A38E-F073-4644-822E-483484894A50}.Debug|AArch64-Android-NVIDIA.Build.0 = Debug|AArch64-Android-NVIDIA
		{4A84A38E-F073-4644-822E-483484894A50}.Debug|AArch64-Android-NVIDIA.Deploy.0 = Debug|AArch64-Android-NVIDIA
		{4A84A38E-F073-4644-822E-483484894A50}.Debug|ARM-Android-NVIDIA.ActiveCfg = Debug|ARM-Android-NVIDIA
		{4A84A38E-F073-4644-822E-483484894A50}.Debug|ARM-Android-NVIDIA.Build.0 = Debug|ARM-Android-NVIDIA
		{4A84A38E-F073-4644-822E-483484894A50}.Debug|ARM-Android-NVIDIA.Deploy.0 = Debug|ARM-Android-NVIDIA
		{4A84A38E-F073-4644-822E-483484894A50}.Debug|x86-Android-NVIDIA.ActiveCfg = Debug|x86-Android-NVIDIA
		{4A84A38E-F073-4644-822E-483484894A50}.Debug|x86-Android-NVIDIA.Build.0 = Debug|x86-Android-NVIDIA
		{4A84A38E-F073-4644-822E-483484894A50}.Debug|x86-Android-NVIDIA.Deploy.0 = Debug|x86-Android-NVIDIA
		{4A84A38E-F073-4644-822E-483484894A50}.Debug|x64-Android-NVIDIA.ActiveCfg = Debug|x64-Android-NVIDIA
		{4A84A38E-F073-4644-822E-483484894A50}.Debug|x64-Android-NVIDIA.Build.0 = Debug|x64-Android-NVIDIA
		{4A84A38E-F073-4644-822E-483484894A50}.Debug|x64-Android-NVIDIA.Deploy.0 = Debug|x64-Android-NVIDIA
		{4A84A38E-F073-4644-822E-483484894A50}.Release|AArch64-Android-NVIDIA.ActiveCfg = Release|AArch64-Android-NVIDIA
		{4A84A38E-F073-4644-822E-483484894A50}.Release|AArch64-Android-NVIDIA.Build.0 = Release|AArch64-Android-NVIDIA
		{4A84A38E-F073-4644-822E-483484894A50}.Release|AArch64-Android-NVIDIA.Deploy.0 = Release|AArch64-Android-NVIDIA
		{4A84A38E-F073-4644-822E-483484894A50}.Release|ARM-Android-NVIDIA.ActiveCfg = Release|ARM-Android-NVIDIA
		{4A84A38E-F073-4644-822E-483484894A50}.Release|ARM-Android-NVIDIA.Build.0 = Release|ARM-Android-NVIDIA
		{4A84A38E-F073-4644-822E-483484894A50}.Release|ARM-Android-NVIDIA.Deploy.0 = Release|ARM-Android-NVIDIA
		{4A84A38E-F073-4644-822E-483484894A50}.Release|x86-Android-NVIDIA.ActiveCfg = Release|x86-Android-NVIDIA
		{4A84A38E-F073-4644-822E-483484894A50}.Release|x86-Android-NVIDIA.Build.0 = Release|x86-Android-NVIDIA
		{4A84A38E-F073-4644-822E-483484894A50}.Release|x86-Android-NVIDIA.Deploy.0 = Release|x86-Android-NVIDIA
		{4A84A38E-F073-4644-822E-483484894A50}.Release|x64-Android-NVIDIA.ActiveCfg = Release|x64-Android-NVIDIA
		{4A84A38E-F073-4644-822E-483484894A50}.Release|x64-Android-NVIDIA.Build.0 = Release|x64-Android-NVIDIA
		{4A84A38E-F073-4644-822E-483484894A50}.Release|x64-Android-NVIDIA.Deploy.0 = Release|x64-Android-NVIDIA
		{0480203D-AF30-4655-B8A5-D448DD158C62}.Debug|AArch64-Android-NVIDIA.ActiveCfg = Debug|AArch64-Android-NVIDIA
		{0480203D-AF30-4655-B8A5-D448DD158C62}.Debug|AArch64-Android-NVIDIA.Build.0 = Debug|AArch64-Android-NVIDIA
		{0480203D-AF30-4655-B8A5-D448DD158C62}.Debug|AArch64-Android-NVIDIA.Deploy.0 = Debug|AArch64-Android-NVIDIA
		{0480203D-AF30-4655-B8A5-D448DD158C62}.Debug|ARM-Android-NVIDIA.ActiveCfg = Debug|ARM-Android-NVIDIA
		{0480203D-AF30-4655-B8A5-D448DD158C62}.Debug|ARM-Android-NVIDIA.Build.0 = Debug|ARM-Android-NVIDIA
		{0480203D-AF30-4655-B8A5-D448DD158C62}.Debug|ARM-Android-NVIDIA.Deploy.0 = Debug|ARM-Android-NVIDIA
		{0480203D-AF30-4655-B8A5-D448DD158C62}.Debug|x86-Android-NVIDIA.ActiveCfg = Debug|x86-Android-NVIDIA
		{0480203D-AF30-4655-B8A5-D448DD158C62}.Debug|x86-Android-NVIDIA.Build.0 = Debug|x86-Android-NVIDIA
		{0480203D-AF30-4655-B8A5-D448DD158C62}.Debug|x86-Android-NVIDIA.Deploy.0 = Debug|x86-Android-NVIDIA
		{0480203D-AF30-4655-B8A5-D448DD158C62}.Debug|x64-Android-NVIDIA.ActiveCfg = Debug|x64-Android-NVIDIA
		{0480203D-AF30-4655-B8A5-D448DD158C62}.Debug|x64-Android-NVIDIA.Build.0 = Debug|x64-Android-NVIDIA
		{0480203D-AF30-4655-B8A5-D448DD158C62}.Debug|x64-Android-NVIDIA.Deploy.0 = Debug|x64-Android-NVIDIA
		{0480203D-AF30-4655-B8A5-D448DD158C62}.Release|AArch64-Android-NVIDIA.ActiveCfg = Release|AArch64-Android-NVIDIA
		{0480203D-AF30-4655-B8A5-D448DD158C62}.Release|AArch64-Android-NVIDIA.Build.0 = Release|AArch64-Android-NVIDIA
		{0480203D-AF30-4655-B8A5-D448DD158C62}.Release|AArch64-Android-NVIDIA.Deploy.0 = Release|AArch64-Android-NVIDIA
		{0480203D-AF30-4655-B8A5-D448DD158C62}.Release|ARM-Android-NVIDIA.ActiveCfg = Release|ARM-Android-NVIDIA
		{0480203D-AF30-4655-B8A5-D448DD158C62}.Release|ARM-Android-NVIDIA.Build.0 = Release|ARM-Android-NVIDIA
		{0480203D-AF30-4655-B8A5-D448DD158C62}.Release|ARM-Android-NVIDIA.Deploy.0 = Release|ARM-Android-NVIDIA
		{0480203D-AF30-4655-B8A5-D448DD158C62}.Release|x86-Android-NVIDIA.ActiveCfg = Release|x86-Android-NVIDIA
		{0480203D-AF30-4655-B8A5-D448DD158C62}.Release|x86-Android-NVIDIA.Build.0 = Release|x86-Android-NVIDIA
		{0480203D-AF30-4655-B8A5-D448DD158C62}.Release|x86-Android-NVIDIA.Deploy.0 = Release|x86-Android-NVIDIA
		{0480203D-AF30-4655-B8A5-D448DD158C62}.Release|x64-Android-NVIDIA.ActiveCfg = Release|x64-Android-NVIDIA
		{0480203D-AF30-4655-B8A5-D448DD158C62}.Release|x64-Android-NVIDIA.Build.0 = Release|x64-Android-NVIDIA
		{0480203D-AF30-4655-B8A5-D448DD158C62}.Release|x64-Android-NVIDIA.Deploy.0 = Release|x64-Android-NVIDIA
		{E78A8E85-D039-49AA-9061-DCAA51D98C9D}.Debug|AArch64-Android-NVIDIA.ActiveCfg = Debug|AArch64-Android-NVIDIA
		{E78A8E85-D039-49AA-9061-DCAA51D98C9D}.Debug|AArch64-Android-NVIDIA.Build.0 = Debug|AArch64-Android-NVIDIA
		{E78A8E85-D039-49AA-9061-DCAA51D98C9D}.Debug|AArch64-Android-NVIDIA.Deploy.0 = Debug|AArch64-Android-NVIDIA
		{E78A8E85-D039-49AA-9061-DCAA51D98C9D}.Debug|ARM-Android-NVIDIA.ActiveCfg = Debug|ARM-Android-NVIDIA
		{E78A8E85-D039-49AA-9061-DCAA51D98C9D}.Debug|ARM-Android-NVIDIA.Build.0 = Debug|ARM-Android-NVIDIA
		{E78A8E85-D039-49AA-9061-DCAA51D98C9D}.Debug|ARM-Android-NVIDIA.Deploy.0 = Debug|ARM-Android-NVIDIA
		{E78A8E85-D039-49AA-9061-DCAA51D98C9D}.Debug|x86-Android-NVIDIA.ActiveCfg = Debug|x86-Android-NVIDIA
		{E78A8E85-D039-49AA-9061-DCAA51D98C9D}.Debug|x86-Android-NVIDIA.Build.0 = Debug|x86-Android-NVIDIA
		{E78A8E85-D039-49AA-9061-DCAA51D98C9D}.Debug|x86-Android-NVIDIA.Deploy.0 = Debug|x86-Android-NVIDIA
		{E78A8E85-D039-49AA-9061-DCAA51D98C9D}.Debug|x64-Android-NVIDIA.ActiveCfg = Debug|x64-Android-NVIDIA
		{E78A8E85-D039-49AA-9061-DCAA51D98C9D}.Debug|x64-Android-NVIDIA.Build.0 = Debug|x64-Android-NVIDIA
		{E78A8E85-D039-49AA-9061-DCAA51D98C9D}.Debug|x64-Android-NVIDIA.Deploy.0 = Debug|x64-Android-NVIDIA
		{E78A8E85-D039-49AA-9061-DCAA51D98C9D}.Release|AArch64-Android-NVIDIA.ActiveCfg = Release|AArch64-Android-NVIDIA
		{E78A8E85-D039-49AA-9061-DCAA51D98C9D}.Release|AArch64-Android-NVIDIA.Build.0 = Release|AArch64-Android-NVIDIA
		{E78A8E85-D039-49AA-9061-DCAA51D98C9D}.Release|AArch64-Android-NVIDIA.Deploy.0 = Release|AArch64-Android-NVIDIA
		{E78A8E85-D039-49AA-9061-DCAA51D98C9D}.Release|ARM-Android-NVIDIA.ActiveCfg = Release|ARM-Android-NVIDIA
		{E78A8E85-D039-49AA-9061-DCAA51D98C9D}.Release|ARM-Android-NVIDIA.Build.0 = Release|ARM-Android-NVIDIA
		{E78A8E85-D039-49AA-9061-DCAA51D98C9D}.Release|ARM-Android-NVIDIA.Deploy.0 = Release|ARM-Android-NVIDIA
		{E78A8E85-D039-49AA-9061-DCAA51D98C9D}.Release|x86-Android-NVIDIA.ActiveCfg = Release|x86-Android-NVIDIA
		{E78A8E85-D039-49AA-9061-DCAA51D98C9D}.Release|x86-Android-NVIDIA.Build.0 = Release|x86-Android-NVIDIA
		{E78A8E85-D039-49AA-9061-DCAA51D98C9D}.Release|x86-Android-NVIDIA.Deploy.0 = Release|x86-Android-NVIDIA
		{E78A8E85-D039-49AA-9061-DCAA51D98C9D}.Release|x64-Android-NVIDIA.ActiveCfg = Release|x64-Android-NVIDIA
		{E78A8E85-D039-49AA-9061-DCAA51D98C9D}.Release|x64-Android-NVIDIA.Build.0 = Release|x64-Android-NVIDIA
		{E78A8E85-D039-49AA-9061-DCAA51D98C9D}.Release|x64-Android-NVIDIA.Deploy.0 = Release|x64-Android-NVIDIA
		{7BAEB23E-D01F-4919-A7E3-4B402166DC0B}.Debug|AArch64-Android-NVIDIA.ActiveCfg = Debug|AArch64-Android-NVIDIA
		{7BAEB23E-D01F-4919-A7E3-4B402166DC0B}.Debug|AArch64-Android-NVIDIA.Build.0 = Debug|AArch64-Android-NVIDIA
		{7BAEB23E-D01F-4919-A7E3-4B402166DC0B}.Debug|AArch64-Android-NVIDIA.Deploy.0 = Debug|AArch64-Android-NVIDIA
		{7BAEB23E-D01F-4919-A7E3-4B402166DC0B}.Debug|ARM-Android-NVIDIA.ActiveCfg = Debug|ARM-Android-NVIDIA
		{7BAEB23E-D01F-4919-A7E3-4B402166DC0B}.Debug|ARM-Android-NVIDIA.Build.0 = Debug|ARM-Android-NVIDIA
		{7BAEB23E-D01F-4919-A7E3-4B402166DC0B}.Debug|ARM-Android-NVIDIA.Deploy.0 = Debug|ARM-Android-NVIDIA
		{7BAEB23E-D01F-4919-A7E3-4B402166DC0B}.Debug|x86-Android-NVIDIA.ActiveCfg = Debug|x86-Android-NVIDIA
		{7BAEB23E-D01F-4919-A7E3-4B402166DC0B}.Debug|x86-Android-NVIDIA.Build.0 = Debug|x86-Android-NVIDIA
		{7BAEB23E-D01F-4919-A7E3-4B402166DC0B}.Debug|x86-Android-NVIDIA.Deploy.0 = Debug|x86-Android-NVIDIA
		{7BAEB23E-D01F-4919-A7E3-4B402166DC0B}.Debug|x64-Android-NVIDIA.ActiveCfg = Debug|x64-Android-NVIDIA
		{7BAEB23E-D01F-4919-A7E3-4B402166DC0B}.Debug|x64-Android-NVIDIA.Build.0 = Debug|x64-Android-NVIDIA
		{7BAEB23E-D01F-4919-A7E3-4B402166DC0B}.Debug|x64-Android-NVIDIA.Deploy.0 = Debug|x64-Android-NVIDIA
		{7BAEB23E-D01F-4919-A7E3-4B402166DC0B}.Release|AArch64-Android-NVIDIA.ActiveCfg = Release|AArch64-Android-NVIDIA
		{7BAEB23E-D01F-4919-A7E3-4B402166DC0B}.Release|AArch64-Android-NVIDIA.Build.0 = Release|AArch64-Android-NVIDIA
		{7BAEB23E-D01F-4919-A7E3-4B402166DC0B}.Release|AArch64-Android-NVIDIA.Deploy.0 = Release|AArch64-Android-NVIDIA
		{7BAEB23E-D01F-4919-A7E3-4B402166DC0B}.Release|ARM-Android-NVIDIA.ActiveCfg = Release|ARM-Android-NVIDIA
		{7BAEB23E-D01F-4919-A7E3-4B402166DC0B}.Release|ARM-Android-NVIDIA.Build.0 = Release|ARM-Android-NVIDIA
		{7BAEB23E-D01F-4919-A7E3-4B402166DC0B}.Release|ARM-Android-NVIDIA.Deploy.0 = Release|ARM-Android-NVIDIA
		{7BAEB23E-D01F-4919-A7E3-4B402166DC0B}.Release|x86-Android-NVIDIA.ActiveCfg = Release|x86-Android-NVIDIA
		{7BAEB23E-D01F-4919-A7E3-4B402166DC0B}.Release|x86-Android-NVIDIA.Build.0 = Release|x86-Android-NVIDIA
		{7BAEB23E-D01F-4919-A7E3-4B402166DC0B}.Release|x86-Android-NVIDIA.Deploy.0 = Release|x86-Android-NVIDIA
		{7BAEB23E-D01F-4919-A7E3-4B402166DC0B}.Release|x64-Android-NVIDIA.ActiveCfg = Release|x64-Android-NVIDIA
		{7BAEB23E-D01F-4919-A7E3-4B402166DC0B}.Release|x64-Android-NVIDIA.Build.0 = Release|x64-Android-NVIDIA
		{7BAEB23E-D01F-4919-A7E3-4B402166DC0B}.Release|x64-Android-NVIDIA.Deploy.0 = Release|x64-Android-NVIDIA
		{ACE925E3-C21F-4088-9CC9-419CAF08CC11}.Debug|AArch64-Android-NVIDIA.ActiveCfg = Debug|AArch64-Android-NVIDIA
		{ACE925E3-C21F-4088-9CC9-419CAF08CC11}.Debug|AArch64-Android-NVIDIA.Build.0 = Debug|AArch64-Android-NVIDIA
		{ACE925E3-C21F-4088-9CC9-419CAF08CC11}.Debug|AArch64-Android-NVIDIA.Deploy.0 = Debug|AArch64-Android-NVIDIA
		{ACE925E3-C21F-4088-9CC9-419CAF08CC11}.Debug|ARM-Android-NVIDIA.ActiveCfg = Debug|ARM-Android-NVIDIA
		{ACE925E3-C21F-4088-9CC9-419CAF08CC11}.Debug|ARM-Android-NVIDIA.Build.0 = Debug|ARM-Android-NVIDIA
		{ACE925E3-C21F-4088-9CC9-419CAF08CC11}.Debug|ARM-Android-NVIDIA.Deploy.0 = Debug|ARM-Android-NVIDIA
		{ACE925E3-C21F-4088-9CC9-419CAF08CC11}.Debug|x86-Android-NVIDIA.ActiveCfg = Debug|x86-Android-NVIDIA
		{ACE925E3-C21F-4088-9CC9-419CAF08CC11}.Debug|x86-Android-NVIDIA.Build.0 = Debug|x86-Android-NVIDIA
		{ACE925E3-C21F-4088-9CC9-419CAF08CC11}.Debug|x86-Android-NVIDIA.Deploy.0 = Debug|x86-Android-NVIDIA
		{ACE925E3-C21F-4088-9CC9-419CAF08CC11}.Debug|x64-Android-NVIDIA.ActiveCfg = Debug|x64-Android-NVIDIA
		{ACE925E3-C21F-4088-9CC9-419CAF08CC11}.Debug|x64-Android-NVIDIA.Build.0 = Debug|x64-Android-NVIDIA
		{ACE925E3-C21F-4088-9CC9-419CAF08CC11}.Debug|x64-Android-NVIDIA.Deploy.0 = Debug|x64-Android-NVIDIA
		{ACE925E3-C21F-4088-9CC9-419CAF08CC11}.Release|AArch64-Android-NVIDIA.ActiveCfg = Release|AArch64-Android-NVIDIA
		{ACE925E3-C21F-4088-9CC9-419CAF08CC11}.Release|AArch64-Android-NVIDIA.Build.0 = Release|AArch64-Android-NVIDIA
		{ACE925E3-C21F-4088-9CC9-419CAF08CC11}.Release|AArch64-Android-NVIDIA.Deploy.0 = Release|AArch64-Android-NVIDIA
		{ACE925E3-C21F-4088-9CC9-419CAF08CC11}.Release|ARM-Android-NVIDIA.ActiveCfg = Release|ARM-Android-NVIDIA
		{ACE925E3-C21F-4088-9CC9-419CAF08CC11}.Release|ARM-Android-NVIDIA.Build.0 = Release|ARM-Android-NVIDIA
		{ACE925E3-C21F-4088-9CC9-419CAF08CC11}.Release|ARM-Android-NVIDIA.Deploy.0 = Release|ARM-Android-NVIDIA
		{ACE925E3-C21F-4088-9CC9-419CAF08CC11}.Release|x86-Android-NVIDIA.ActiveCfg = Release|x86-Android-NVIDIA
		{ACE925E3-C21F-4088-9CC9-419CAF08CC11}.Release|x86-Android-NVIDIA.Build.0 = Release|x86-Android-NVIDIA
		{ACE925E3-C21F-4088-9CC9-419CAF08CC11}.Release|x86-Android-NVIDIA.Deploy.0 = Release|x86-Android-NVIDIA
		{ACE925E3-C21F-4088-9CC9-419CAF08CC11}.Release|x64-Android-NVIDIA.ActiveCfg = Release|x64-Android-NVIDIA
		{ACE925E3-C21F-4088-9CC9-419CAF08CC11}.Release|x64-Android-NVIDIA.Build.0 = Release|x64-Android-NVIDIA
		{ACE925E3-C21F-4088-9CC9-419CAF08CC11}.Release|x64-Android-NVIDIA.Deploy.0 = Release|x64-Android-NVIDIA
		{65F84BB2-AB13-4D8B-A2BB-DEF268632835}.Debug|AArch64-Android-NVIDIA.ActiveCfg = Debug|AArch64-Android-NVIDIA
		{65F84BB2-AB13-4D8B-A2BB-DEF268632835}.Debug|AArch64-Android-NVIDIA.Build.0 = Debug|AArch64-Android-NVIDIA
		{65F84BB2-AB13-4D8B-A2BB-DEF268632835}.Debug|AArch64-Android-NVIDIA.Deploy.0 = Debug|AArch64-Android-NVIDIA
		{65F84BB2-AB13-4D8B-A2BB-DEF268632835}.Debug|ARM-Android-NVIDIA.ActiveCfg = Debug|ARM-Android-NVIDIA
		{65F84BB2-AB13-4D8B-A2BB-DEF268632835}.Debug|ARM-Android-NVIDIA.Build.0 = Debug|ARM-Android-NVIDIA
		{65F84BB2-AB13-4D8B-A2BB-DEF268632835}.Debug|ARM-Android-NVIDIA.Deploy.0 = Debug|ARM-Android-NVIDIA
		{65F84BB2-AB13-4D8B-A2BB-DEF268632835}.Debug|x86-Android-NVIDIA.ActiveCfg = Debug|x86-Android-NVIDIA
		{65F84BB2-AB13-4D8B-A2BB-DEF268632835}.Debug|x86-Android-NVIDIA.Build.0 = Debug|x86-Android-NVIDIA
		{65F84BB2-AB13-4D8B-A2BB-DEF268632835}.Debug|x86-Android-NVIDIA.Deploy.0 = Debug|x86-Android-NVIDIA
		{65F84BB2-AB13-4D8B-A2BB-DEF268632835}.Debug|x64-Android-NVIDIA.ActiveCfg = Debug|x64-Android-NVIDIA
		{65F84BB2-AB13-4D8B-A2BB-DEF268632835}.Debug|x64-Android-NVIDIA.Build.0 = Debug|x64-Android-NVIDIA
		{65F84BB2-AB13-4D8B-A2BB-DEF268632835}.Debug|x64-Android-NVIDIA.Deploy.0 = Debug|x64-Android-NVIDIA
		{65F84BB2-AB13-4D8B-A2BB-DEF268632835}.Release|AArch64-Android-NVIDIA.ActiveCfg = Release|AArch64-Android-NVIDIA
		{65F84BB2-AB13-4D8B-A2BB-DEF268632835}.Release|AArch64-Android-NVIDIA.Build.0 = Release|AArch64-Android-NVIDIA
		{65F84BB2-AB13-4D8B-A2BB-DEF268632835}.Release|AArch64-Android-NVIDIA.Deploy.0 = Release|AArch64-Android-NVIDIA
		{65F84BB2-AB13-4D8B-A2BB-DEF268632835}.Release|ARM-Android-NVIDIA.ActiveCfg = Release|ARM-Android-NVIDIA
		{65F84BB2-AB13-4D8B-A2BB-DEF268632835}.Release|ARM-Android-NVIDIA.Build.0 = Release|ARM-Android-NVIDIA
		{65F84BB2-AB13-4D8B-A2BB-DEF268632835}.Release|ARM-Android-NVIDIA.Deploy.0 = Release|ARM-Android-NVIDIA
		{65F84BB2-AB13-4D8B-A2BB-DEF268632835}.Release|x86-Android-NVIDIA.ActiveCfg = Release|x86-Android-NVIDIA
		{65F84BB2-AB13-4D8B-A2BB-DEF268632835}.Release|x86-Android-NVIDIA.Build.0 = Release|x86-Android-NVIDIA
		{65F84BB2-AB13-4D8B-A2BB-DEF268632835}.Release|x86-Android-NVIDIA.Deploy.0 = Release|x86-Android-NVIDIA
		{65F84BB2-AB13-4D8B-A2BB-DEF268632835}.Release|x64-Android-NVIDIA.ActiveCfg = Release|x64-Android-NVIDIA
		{65F84BB2-AB13-4D8B-A2BB-DEF268632835}.Release|x64-Android-NVIDIA.Build.0 = Release|x64-Android-NVIDIA
		{65F84BB2-AB13-4D8B-A2BB-DEF268632835}.Release|x64-Android-NVIDIA.Deploy.0 = Release|x64-Android-NVIDIA
		{F9AC0B45-0512-4C6E-B22A-68361B0125F7}.Debug|AArch64-Android-NVIDIA.ActiveCfg = Debug|AArch64-Android-NVIDIA
		{F9AC0B45-0512-4C6E-B22A-68361B0125F7}.Debug|AArch64-Android-NVIDIA.Build.0 = Debug|AArch64-Android-NVIDIA
		{F9AC0B45-0512-4C6E-B22A-68361B0125F7}.Debug|AArch64-Android-NVIDIA.Deploy.0 = Debug|AArch64-Android-NVIDIA
		{F9AC0B45-0512-4C6E-B22A-68361B0125F7}.Debug|ARM-Android-NVIDIA.ActiveCfg = Debug|ARM-Android-NVIDIA
		{F9AC0B45-0512-4C6E-B22A-68361B0125F7}.Debug|ARM-Android-NVIDIA.Build.0 = Debug|ARM-Android-NVIDIA
		{F9AC0B45-0512-4C6E-B22A-68361B0125F7}.Debug|ARM-Android-NVIDIA.Deploy.0 = Debug|ARM-Android-NVIDIA
		{F9AC0B45-0512-4C6E-B22A-68361B0125F7}.Debug|x86-Android-NVIDIA.ActiveCfg = Debug|x86-Android-NVIDIA
		{F9AC0B45-0512-4C6E-B22A-68361B0125F7}.Debug|x86-Android-NVIDIA.Build.0 = Debug|x86-Android-NVIDIA
		{F9AC0B45-0512-4C6E-B22A-68361B0125F7}.Debug|x86-Android-NVIDIA.Deploy.0 = Debug|x86-Android-NVIDIA
		{F9AC0B45-0512-4C6E-B22A-68361B0125F7}.Debug|x64-Android-NVIDIA.ActiveCfg = Debug|x64-Android-NVIDIA
		{F9AC0B45-0512-4C6E-B22A-68361B0125F7}.Debug|x64-Android-NVIDIA.Build.0 = Debug|x64-Android-NVIDIA
		{F9AC0B45-0512-4C6E-B22A-68361B0125F7}.Debug|x64-Android-NVIDIA.Deploy.0 = Debug|x64-Android-NVIDIA
		{F9AC0B45-0512-4C6E-B22A-68361B0125F7}.Release|AArch64-Android-NVIDIA.ActiveCfg = Release|AArch64-Android-NVIDIA
		{F9AC0B45-0512-4C6E-B22A-68361B0125F7}.Release|AArch64-Android-NVIDIA.Build.0 = Release|AArch64-Android-NVIDIA
		{F9AC0B45-0512-4C6E-B22A-68361B0125F7}.Release|AArch64-Android-NVIDIA.Deploy.0 = Release|AArch64-Android-NVIDIA
		{F9AC0B45-0512-4C6E-B22A-68361B0125F7}.Release|ARM-Android-NVIDIA.ActiveCfg = Release|ARM-Android-NVIDIA
		{F9AC0B45-0512-4C6E-B22A-68361B0125F7}.Release|ARM-Android-NVIDIA.Build.0 = Release|ARM-Android-NVIDIA
		{F9AC0B45-0512-4C6E-B22A-68361B0125F7}.Release|ARM-Android-NVIDIA.Deploy.0 = Release|ARM-Android-NVIDIA
		{F9AC0B45-0512-4C6E-B22A-68361B0125F7}.Release|x86-Android-NVIDIA.ActiveCfg = Release|x86-Android-NVIDIA
		{F9AC0B45-0512-4C6E-B22A-68361B0125F7}.Release|x86-Android-NVIDIA.Build.0 = Release|x86-Android-NVIDIA
		{F9AC0B45-0512-4C6E-B22A-68361B0125F7}.Release|x86-Android-NVIDIA.Deploy.0 = Release|x86-Android-NVIDIA
		{F9AC0B45-0512-4C6E-B22A-68361B0125F7}.Release|x64-Android-NVIDIA.ActiveCfg = Release|x64-Android-NVIDIA
		{F9AC0B45-0512-4C6E-B22A-68361B0125F7}.Release|x64-Android-NVIDIA.Build.0 = Release|x64-Android-NVIDIA
		{F9AC0B45-0512-4C6E-B22A-68361B0125F7}.Release|x64-Android-NVIDIA.Deploy.0 = Release|x64-Android-NVIDIA
		{876F36E6-EAE0-427C-91E6-0B1218C669C6}.Debug|AArch64-Android-NVIDIA.ActiveCfg = Debug|AArch64-Android-NVIDIA
		{876F36E6-EAE0-427C-91E6-0B1218C669C6}.Debug|AArch64-Android-NVIDIA.Build.0 = Debug|AArch64-Android-NVIDIA
		{876F36E6-EAE0-427C-91E6-0B1218C669C6}.Debug|AArch64-Android-NVIDIA.Deploy.0 = Debug|AArch64-Android-NVIDIA
		{876F36E6-EAE0-427C-91E6-0B1218C669C6}.Debug|ARM-Android-NVIDIA.ActiveCfg = Debug|ARM-Android-NVIDIA
		{876F36E6-EAE0-427C-91E6-0B1218C669C6}.Debug|ARM-Android-NVIDIA.Build.0 = Debug|ARM-Android-NVIDIA
		{876F36E6-EAE0-427C-91E6-0B1218C669C6}.Debug|ARM-Android-NVIDIA.Deploy.0 = Debug|ARM-Android-NVIDIA
		{876F36E6-EAE0-427C-91E6-0B1218C669C6}.Debug|x86-Android-NVIDIA.ActiveCfg = Debug|x86-Android-NVIDIA
		{876F36E6-EAE0-427C-91E6-0B1218C669C6}.Debug|x86-Android-NVIDIA.Build.0 = Debug|x86-Android-NVIDIA
		{876F36E6-EAE0-427C-91E6-0B1218C669C6}.Debug|x86-Android-NVIDIA.Deploy.0 = Debug|x86-Android-NVIDIA
		{876F36E6-EAE0-427C-91E6-0B1218C669C6}.Debug|x64-Android-NVIDIA.ActiveCfg = Debug|x64-Android-NVIDIA
		{876F36E6-EAE0-427C-91E6-0B1218C669C6}.Debug|x64-Android-NVIDIA.Build.0 = Debug|x64-Android-NVIDIA
		{876F36E6-EAE0-427C-91E6-0B1218C669C6}.Debug|x64-Android-NVIDIA.Deploy.0 = Debug|x64-Android-NVIDIA
		{876F36E6-EAE0-427C-91E6-0B1218C669C6}.Release|AArch64-Android-NVIDIA.ActiveCfg = Release|AArch64-Android-NVIDIA
		{876F36E6-EAE0-427C-91E6-0B1218C669C6}.Release|AArch64-Android-NVIDIA.Build.0 = Release|AArch64-Android-NVIDIA
		{876F36E6-EAE0-427C-91E6-0B1218C669C6}.Release|AArch64-Android-NVIDIA.Deploy.0 = Release|AArch64-Android-NVIDIA
		{876F36E6-EAE0-427C-91E6-0B1218C669C6}.Release|ARM-Android-NVIDIA.ActiveCfg = Release|ARM-Android-NVIDIA
		{876F36E6-EAE0-427C-91E6-0B1218C669C6}.Release|ARM-Android-NVIDIA.Build.0 = Release|ARM-Android-NVIDIA
		{876F36E6-EAE0-427C-91E6-0B1218C669C6}.Release|ARM-Android-NVIDIA.Deploy.0 = Release|ARM-Android-NVIDIA
		{876F36E6-EAE0-427C-91E6-0B1218C669C6}.Release|x86-Android-NVIDIA.ActiveCfg = Release|x86-Android-NVIDIA
		{876F36E6-EAE0-427C-91E6-0B1218C669C6}.Release|x86-Android-NVIDIA.Build.0 = Release|x86-Android-NVIDIA
		{876F36E6-EAE0-427C-91E6-0B1218C669C6}.Release|x86-Android-NVIDIA.Deploy.0 = Release|x86-Android-NVIDIA
		{876F36E6-EAE0-427C-91E6-0B1218C669C6}.Release|x64-Android-NVIDIA.ActiveCfg = Release|x64-Android-NVIDIA
		{876F36E6-EAE0-427C-91E6-0B1218C669C6}.Release|x64-Android-NVIDIA.Build.0 = Release|x64-Android-NVIDIA
		{876F36E6-EAE0-427C-91E6-0B1218C669C6}.Release|x64-Android-NVIDIA.Deploy.0 = Release|x64-Android-NVIDIA
		{82443B5E-69F2-4466-B3BE-AEB6CEDD6EA9}.Debug|AArch64-Android-NVIDIA.ActiveCfg = Debug|AArch64-Android-NVIDIA
		{82443B5E-69F2-4466-B3BE-AEB6CEDD6EA9}.Debug|AArch64-Android-NVIDIA.Build.0 = Debug|AArch64-Android-NVIDIA
		{82443B5E-69F2-4466-B3BE-AEB6CEDD6EA9}.Debug|AArch64-Android-NVIDIA.Deploy.0 = Debug|AArch64-Android-NVIDIA
		{82443B5E-69F2-4466-B3BE-AEB6CEDD6EA9}.Debug|ARM-Android-NVIDIA.ActiveCfg = Debug|ARM-Android-NVIDIA
		{82443B5E-69F2-4466-B3BE-AEB6CEDD6EA9}.Debug|ARM-Android-NVIDIA.Build.0 = Debug|ARM-Android-NVIDIA
		{82443B5E-69F2-4466-B3BE-AEB6CEDD6EA9}.Debug|ARM-Android-NVIDIA.Deploy.0 = Debug|ARM-Android-NVIDIA
		{82443B5E-69F2-4466-B3BE-AEB6CEDD6EA9}.Debug|x86-Android-NVIDIA.ActiveCfg = Debug|x86-Android-NVIDIA
		{82443B5E-69F2-4466-B3BE-AEB6CEDD6EA9}.Debug|x86-Android-NVIDIA.Build.0 = Debug|x86-Android-NVIDIA
		{82443B5E-69F2-4466-B3BE-AEB6CEDD6EA9}.Debug|x86-Android-NVIDIA.Deploy.0 = Debug|x86-Android-NVIDIA
		{82443B5E-69F2-4466-B3BE-AEB6CEDD6EA9}.Debug|x64-Android-NVIDIA.ActiveCfg = Debug|x64-Android-NVIDIA
		{82443B5E-69F2-4466-B3BE-AEB6CEDD6EA9}.Debug|x64-Android-NVIDIA.Build.0 = Debug|x64-Android-NVIDIA
		{82443B5E-69F2-4466-B3BE-AEB6CEDD6EA9}.Debug|x64-Android-NVIDIA.Deploy.0 = Debug|x64-Android-NVIDIA
		{82443B5E-69F2-4466-B3BE-AEB6CEDD6EA9}.Release|AArch64-Android-NVIDIA.ActiveCfg = Release|AArch64-Android-NVIDIA
		{82443B5E-69F2-4466-B3BE-AEB6CEDD6EA9}.Release|AArch64-Android-NVIDIA.Build.0 = Release|AArch64-Android-NVIDIA
		{82443B5E-69F2-4466-B3BE-AEB6CEDD6EA9}.Release|AArch64-Android-NVIDIA.Deploy.0 = Release|AArch64-Android-NVIDIA
		{82443B5E-69F2-4466-B3BE-AEB6CEDD6EA9}.Release|ARM-Android-NVIDIA.ActiveCfg = Release|ARM-Android-NVIDIA
		{82443B5E-69F2-4466-B3BE-AEB6CEDD6EA9}.Release|ARM-Android-NVIDIA.Build.0 = Release|ARM-Android-NVIDIA
		{82443B5E-69F2-4466-B3BE-AEB6CEDD6EA9}.Release|ARM-Android-NVIDIA.Deploy.0 = Release|ARM-Android-NVIDIA
		{82443B5E-69F2-4466-B3BE-AEB6CEDD6EA9}.Release|x86-Android-NVIDIA.ActiveCfg = Release|x86-Android-NVIDIA
		{82443B5E-69F2-4466-B3BE-AEB6CEDD6EA9}.Release|x86-Android-NVIDIA.Build.0 = Release|x86-Android-NVIDIA
		{82443B5E-69F2-4466-B3BE-AEB6CEDD6EA9}.Release|x86-Android-NVIDIA.Deploy.0 = Release|x86-Android-NVIDIA
		{82443B5E-69F2-4466-B3BE-AEB6CEDD6EA9}.Release|x64-Android-NVIDIA.ActiveCfg = Release|x64-Android-NVIDIA
		{82443B5E-69F2-4466-B3BE-AEB6CEDD6EA9}.Release|x64-Android-NVIDIA.Build.0 = Release|x64-Android-NVIDIA
		{82443B5E-69F2-4466-B3BE-AEB6CEDD6EA9}.Release|x64-Android-NVIDIA.Deploy.0 = Release|x64-Android-NVIDIA
	EndGlobalSection
	GlobalSection(SolutionProperties) = preSolution
		HideSolutionNode = FALSE
	EndGlobalSection
EndGlobal
